// !$*UTF8*$!
{
	archiveVersion = 1;
	classes = {
	};
	objectVersion = 77;
	objects = {

/* Begin PBXBuildFile section */
		6B62206F2D37A8A300C5F2C8 /* MainCoordinatorView.swift in Sources */ = {isa = PBXBuildFile; fileRef = 6B62206E2D37A8A300C5F2C8 /* MainCoordinatorView.swift */; };
		6B6220712D37A8AF00C5F2C8 /* MainCoordinator.swift in Sources */ = {isa = PBXBuildFile; fileRef = 6B6220702D37A8AF00C5F2C8 /* MainCoordinator.swift */; };
		6B62207C2D37AA9700C5F2C8 /* StudyMapCoordinator.swift in Sources */ = {isa = PBXBuildFile; fileRef = 6B62207B2D37AA9700C5F2C8 /* StudyMapCoordinator.swift */; };
		6B62207F2D37AAF500C5F2C8 /* StudyMapScreen+Identifiable.swift in Sources */ = {isa = PBXBuildFile; fileRef = 6B62207E2D37AAF500C5F2C8 /* StudyMapScreen+Identifiable.swift */; };
		6B6220802D37AAF500C5F2C8 /* StudyMapScreen.swift in Sources */ = {isa = PBXBuildFile; fileRef = 6B62207D2D37AAF500C5F2C8 /* StudyMapScreen.swift */; };
		6B6220822D37AC5200C5F2C8 /* StudyMapView.swift in Sources */ = {isa = PBXBuildFile; fileRef = 6B6220812D37AC5200C5F2C8 /* StudyMapView.swift */; };
		6B6220842D37AC5900C5F2C8 /* StudyMapFeature.swift in Sources */ = {isa = PBXBuildFile; fileRef = 6B6220832D37AC5900C5F2C8 /* StudyMapFeature.swift */; };
		6B6220862D37B0C400C5F2C8 /* Font.swift in Sources */ = {isa = PBXBuildFile; fileRef = 6B6220852D37B0C400C5F2C8 /* Font.swift */; };
		6B62208D2D3882C000C5F2C8 /* ScrapScreen+Identifiable.swift in Sources */ = {isa = PBXBuildFile; fileRef = 6B62208C2D3882C000C5F2C8 /* ScrapScreen+Identifiable.swift */; };
		6B62208E2D3882C000C5F2C8 /* ScrapCoordinator.swift in Sources */ = {isa = PBXBuildFile; fileRef = 6B62208A2D3882C000C5F2C8 /* ScrapCoordinator.swift */; };
		6B62208F2D3882C000C5F2C8 /* ScrapScreen.swift in Sources */ = {isa = PBXBuildFile; fileRef = 6B62208B2D3882C000C5F2C8 /* ScrapScreen.swift */; };
		6B6220912D3882C300C5F2C8 /* ScrapView.swift in Sources */ = {isa = PBXBuildFile; fileRef = 6B6220902D3882C300C5F2C8 /* ScrapView.swift */; };
		6B6220932D3882C500C5F2C8 /* ScrapFeature.swift in Sources */ = {isa = PBXBuildFile; fileRef = 6B6220922D3882C500C5F2C8 /* ScrapFeature.swift */; };
		6B6220992D3889EF00C5F2C8 /* MainCoordinator+Function.swift in Sources */ = {isa = PBXBuildFile; fileRef = 6B6220982D3889EF00C5F2C8 /* MainCoordinator+Function.swift */; };
		6B6220A22D388D8500C5F2C8 /* MyPageScreen.swift in Sources */ = {isa = PBXBuildFile; fileRef = 6B62209B2D388D8500C5F2C8 /* MyPageScreen.swift */; };
		6B6220A32D388D8500C5F2C8 /* MyPageView.swift in Sources */ = {isa = PBXBuildFile; fileRef = 6B62209E2D388D8500C5F2C8 /* MyPageView.swift */; };
		6B6220A42D388D8500C5F2C8 /* MyPageScreen+Identifiable.swift in Sources */ = {isa = PBXBuildFile; fileRef = 6B62209C2D388D8500C5F2C8 /* MyPageScreen+Identifiable.swift */; };
		6B6220A52D388D8500C5F2C8 /* MyPageFeature.swift in Sources */ = {isa = PBXBuildFile; fileRef = 6B6220A02D388D8500C5F2C8 /* MyPageFeature.swift */; };
		6B6220A62D388D8500C5F2C8 /* MyPageCoordinator.swift in Sources */ = {isa = PBXBuildFile; fileRef = 6B62209A2D388D8500C5F2C8 /* MyPageCoordinator.swift */; };
		6B6220AA2D3896E800C5F2C8 /* WhidySplashView.swift in Sources */ = {isa = PBXBuildFile; fileRef = 6B6220A92D3896E800C5F2C8 /* WhidySplashView.swift */; };
		6B6220AD2D38A4C000C5F2C8 /* WebView.swift in Sources */ = {isa = PBXBuildFile; fileRef = 6B6220AC2D38A4BF00C5F2C8 /* WebView.swift */; };
		6B6220B42D38DFB000C5F2C8 /* MemberNicknameView.swift in Sources */ = {isa = PBXBuildFile; fileRef = 6B6220B32D38DFB000C5F2C8 /* MemberNicknameView.swift */; };
		6B6220B62D38DFB900C5F2C8 /* MemberNicknameFeature.swift in Sources */ = {isa = PBXBuildFile; fileRef = 6B6220B52D38DFB900C5F2C8 /* MemberNicknameFeature.swift */; };
		6B6220B82D38E28E00C5F2C8 /* URL+Extension.swift in Sources */ = {isa = PBXBuildFile; fileRef = 6B6220B72D38E28E00C5F2C8 /* URL+Extension.swift */; };
		6B6220BA2D39022E00C5F2C8 /* CommonTextfieldStyle.swift in Sources */ = {isa = PBXBuildFile; fileRef = 6B6220B92D39022E00C5F2C8 /* CommonTextfieldStyle.swift */; };
		6B6220BC2D39077500C5F2C8 /* AlignmentModifier.swift in Sources */ = {isa = PBXBuildFile; fileRef = 6B6220BB2D39077500C5F2C8 /* AlignmentModifier.swift */; };
		6B6220BE2D39E92900C5F2C8 /* MemberEmailView.swift in Sources */ = {isa = PBXBuildFile; fileRef = 6B6220BD2D39E92900C5F2C8 /* MemberEmailView.swift */; };
		6B6220C02D39E92B00C5F2C8 /* MemberEmailFeature.swift in Sources */ = {isa = PBXBuildFile; fileRef = 6B6220BF2D39E92B00C5F2C8 /* MemberEmailFeature.swift */; };
		6B6220C52D39EDD700C5F2C8 /* LoadingView.swift in Sources */ = {isa = PBXBuildFile; fileRef = 6B6220C32D39EDD700C5F2C8 /* LoadingView.swift */; };
		6B6220C62D39EDD700C5F2C8 /* BackButton.swift in Sources */ = {isa = PBXBuildFile; fileRef = 6B6220C42D39EDD700C5F2C8 /* BackButton.swift */; };
		6B6220CA2D39F56A00C5F2C8 /* SignUpRequest.swift in Sources */ = {isa = PBXBuildFile; fileRef = 6B6220C92D39F56A00C5F2C8 /* SignUpRequest.swift */; };
		6B6220CC2D39F5AF00C5F2C8 /* SignInResponse.swift in Sources */ = {isa = PBXBuildFile; fileRef = 6B6220CB2D39F5AF00C5F2C8 /* SignInResponse.swift */; };
		6B6220CF2D39F73E00C5F2C8 /* SignIn.swift in Sources */ = {isa = PBXBuildFile; fileRef = 6B6220CE2D39F73E00C5F2C8 /* SignIn.swift */; };
		6B6221852D3B720E00C5F2C8 /* MemberSession.swift in Sources */ = {isa = PBXBuildFile; fileRef = 6B6221842D3B720E00C5F2C8 /* MemberSession.swift */; };
		6B6221882D3B967900C5F2C8 /* NMapsMap in Frameworks */ = {isa = PBXBuildFile; productRef = 6B6221872D3B967900C5F2C8 /* NMapsMap */; };
		6B62218A2D3B989600C5F2C8 /* MapView.swift in Sources */ = {isa = PBXBuildFile; fileRef = 6B6221892D3B989600C5F2C8 /* MapView.swift */; };
		6B62218C2D3BA85600C5F2C8 /* CustomTabBar.swift in Sources */ = {isa = PBXBuildFile; fileRef = 6B62218B2D3BA85600C5F2C8 /* CustomTabBar.swift */; };
		6B62759A2D35EC7D00843C9E /* Whidy_iOSApp.swift in Sources */ = {isa = PBXBuildFile; fileRef = 6B62756F2D35EC7D00843C9E /* Whidy_iOSApp.swift */; };
		6B62759B2D35EC7D00843C9E /* Preview Assets.xcassets in Resources */ = {isa = PBXBuildFile; fileRef = 6B62756A2D35EC7D00843C9E /* Preview Assets.xcassets */; };
		6B62759C2D35EC7D00843C9E /* Assets.xcassets in Resources */ = {isa = PBXBuildFile; fileRef = 6B62756C2D35EC7D00843C9E /* Assets.xcassets */; };
		6B6275E62D35EFE200843C9E /* Logger.swift in Sources */ = {isa = PBXBuildFile; fileRef = 6B6275E22D35EFE200843C9E /* Logger.swift */; };
		6B6275E72D35EFE200843C9E /* LoginType.swift in Sources */ = {isa = PBXBuildFile; fileRef = 6B6275E32D35EFE200843C9E /* LoginType.swift */; };
		6B6275E82D35EFE200843C9E /* Double+Extension.swift in Sources */ = {isa = PBXBuildFile; fileRef = 6B6275DB2D35EFE200843C9E /* Double+Extension.swift */; };
		6B6275E92D35EFE200843C9E /* Float+Extension.swift in Sources */ = {isa = PBXBuildFile; fileRef = 6B6275DA2D35EFE200843C9E /* Float+Extension.swift */; };
		6B6275EA2D35EFE200843C9E /* View+Extension.swift in Sources */ = {isa = PBXBuildFile; fileRef = 6B6275D32D35EFE200843C9E /* View+Extension.swift */; };
		6B6275EC2D35EFE200843C9E /* Optional+Extension.swift in Sources */ = {isa = PBXBuildFile; fileRef = 6B6275D62D35EFE200843C9E /* Optional+Extension.swift */; };
		6B6275ED2D35EFE200843C9E /* Image+Extension.swift in Sources */ = {isa = PBXBuildFile; fileRef = 6B6275DC2D35EFE200843C9E /* Image+Extension.swift */; };
		6B6275EE2D35EFE200843C9E /* UIApplication+Extension.swift in Sources */ = {isa = PBXBuildFile; fileRef = 6B6275D22D35EFE200843C9E /* UIApplication+Extension.swift */; };
		6B6275EF2D35EFE200843C9E /* Enviroment.swift in Sources */ = {isa = PBXBuildFile; fileRef = 6B6275E12D35EFE200843C9E /* Enviroment.swift */; };
		6B6275F02D35EFE200843C9E /* Int+Extension.swift in Sources */ = {isa = PBXBuildFile; fileRef = 6B6275D92D35EFE200843C9E /* Int+Extension.swift */; };
		6B6275F12D35EFE200843C9E /* Publisher+Extension.swift in Sources */ = {isa = PBXBuildFile; fileRef = 6B6275DD2D35EFE200843C9E /* Publisher+Extension.swift */; };
		6B6275F22D35EFE200843C9E /* Notification.name+Extension.swift in Sources */ = {isa = PBXBuildFile; fileRef = 6B6275D42D35EFE200843C9E /* Notification.name+Extension.swift */; };
		6B6275F32D35EFE200843C9E /* Array+Extension.swift in Sources */ = {isa = PBXBuildFile; fileRef = 6B6275DE2D35EFE200843C9E /* Array+Extension.swift */; };
		6B6275F42D35EFE200843C9E /* String+Extension.swift in Sources */ = {isa = PBXBuildFile; fileRef = 6B6275D82D35EFE200843C9E /* String+Extension.swift */; };
		6B6275F52D35EFE200843C9E /* UIDevice+Extension.swift in Sources */ = {isa = PBXBuildFile; fileRef = 6B6275DF2D35EFE200843C9E /* UIDevice+Extension.swift */; };
		6B6275F62D35EFE200843C9E /* UserDefaults+Extension.swift in Sources */ = {isa = PBXBuildFile; fileRef = 6B6275D52D35EFE200843C9E /* UserDefaults+Extension.swift */; };
		6B6275F72D35EFE200843C9E /* Dictionary+Extension.swift in Sources */ = {isa = PBXBuildFile; fileRef = 6B6275D72D35EFE200843C9E /* Dictionary+Extension.swift */; };
		6B6276352D35EFFB00843C9E /* NormalTextLabelModifier.swift in Sources */ = {isa = PBXBuildFile; fileRef = 6B6276202D35EFFB00843C9E /* NormalTextLabelModifier.swift */; };
		6B6276362D35EFFB00843C9E /* ShadowModifier.swift in Sources */ = {isa = PBXBuildFile; fileRef = 6B6276222D35EFFB00843C9E /* ShadowModifier.swift */; };
		6B6276372D35EFFB00843C9E /* AppStoreCheckManager.swift in Sources */ = {isa = PBXBuildFile; fileRef = 6B6276302D35EFFB00843C9E /* AppStoreCheckManager.swift */; };
		6B62763A2D35EFFB00843C9E /* ProfileImageModifier.swift in Sources */ = {isa = PBXBuildFile; fileRef = 6B6276252D35EFFB00843C9E /* ProfileImageModifier.swift */; };
		6B62763B2D35EFFB00843C9E /* TextToButtonModifier.swift in Sources */ = {isa = PBXBuildFile; fileRef = 6B62761E2D35EFFB00843C9E /* TextToButtonModifier.swift */; };
		6B62763C2D35EFFB00843C9E /* NormalTextFieldModifier.swift in Sources */ = {isa = PBXBuildFile; fileRef = 6B62761F2D35EFFB00843C9E /* NormalTextFieldModifier.swift */; };
		6B62763D2D35EFFB00843C9E /* DateFormatUtil.swift in Sources */ = {isa = PBXBuildFile; fileRef = 6B62762D2D35EFFB00843C9E /* DateFormatUtil.swift */; };
		6B62763E2D35EFFB00843C9E /* StringUtil.swift in Sources */ = {isa = PBXBuildFile; fileRef = 6B62762E2D35EFFB00843C9E /* StringUtil.swift */; };
		6B6276402D35EFFB00843C9E /* DynamicFontSizeModifier.swift in Sources */ = {isa = PBXBuildFile; fileRef = 6B6276242D35EFFB00843C9E /* DynamicFontSizeModifier.swift */; };
		6B6276422D35EFFB00843C9E /* TextBackgroundModifier.swift in Sources */ = {isa = PBXBuildFile; fileRef = 6B6276272D35EFFB00843C9E /* TextBackgroundModifier.swift */; };
		6B6276442D35EFFB00843C9E /* NormalTextLabelModifier2.swift in Sources */ = {isa = PBXBuildFile; fileRef = 6B6276212D35EFFB00843C9E /* NormalTextLabelModifier2.swift */; };
		6B6276452D35EFFB00843C9E /* NavigationBarModifier.swift in Sources */ = {isa = PBXBuildFile; fileRef = 6B6276262D35EFFB00843C9E /* NavigationBarModifier.swift */; };
		6B6276472D35EFFB00843C9E /* RedactedModifier.swift in Sources */ = {isa = PBXBuildFile; fileRef = 6B6276282D35EFFB00843C9E /* RedactedModifier.swift */; };
		6B6276482D35EFFB00843C9E /* ButtonWrapper.swift in Sources */ = {isa = PBXBuildFile; fileRef = 6B62761D2D35EFFB00843C9E /* ButtonWrapper.swift */; };
		6B6276492D35EFFB00843C9E /* FontModifier.swift in Sources */ = {isa = PBXBuildFile; fileRef = 6B6276232D35EFFB00843C9E /* FontModifier.swift */; };
		6B62764A2D35EFFB00843C9E /* NetworkMonitor.swift in Sources */ = {isa = PBXBuildFile; fileRef = 6B62762F2D35EFFB00843C9E /* NetworkMonitor.swift */; };
		6B6276502D35F01A00843C9E /* HTTPHeader.swift in Sources */ = {isa = PBXBuildFile; fileRef = 6B62764E2D35F01A00843C9E /* HTTPHeader.swift */; };
		6B6276512D35F01A00843C9E /* TargetType.swift in Sources */ = {isa = PBXBuildFile; fileRef = 6B62764D2D35F01A00843C9E /* TargetType.swift */; };
		6B6276522D35F01A00843C9E /* RemoteConstants.swift in Sources */ = {isa = PBXBuildFile; fileRef = 6B62764C2D35F01A00843C9E /* RemoteConstants.swift */; };
		6B62765D2D35F02200843C9E /* AuthRouter.swift in Sources */ = {isa = PBXBuildFile; fileRef = 6B6276532D35F02200843C9E /* AuthRouter.swift */; };
		6B6276612D35F02200843C9E /* CommonRouter.swift in Sources */ = {isa = PBXBuildFile; fileRef = 6B6276542D35F02200843C9E /* CommonRouter.swift */; };
		6B6276732D35F02B00843C9E /* NetworkManager+Auth.swift in Sources */ = {isa = PBXBuildFile; fileRef = 6B6276692D35F02B00843C9E /* NetworkManager+Auth.swift */; };
		6B6276782D35F02B00843C9E /* APIError.swift in Sources */ = {isa = PBXBuildFile; fileRef = 6B6276662D35F02B00843C9E /* APIError.swift */; };
		6B62767C2D35F02B00843C9E /* NetworkManager.swift in Sources */ = {isa = PBXBuildFile; fileRef = 6B6276682D35F02B00843C9E /* NetworkManager.swift */; };
		6B6276812D35FA8E00843C9E /* SwiftyUserDefaults in Frameworks */ = {isa = PBXBuildFile; productRef = 6B6276802D35FA8E00843C9E /* SwiftyUserDefaults */; };
		6B6276842D35FAD700843C9E /* SwiftyBeaver in Frameworks */ = {isa = PBXBuildFile; productRef = 6B6276832D35FAD700843C9E /* SwiftyBeaver */; };
		6B6276872D35FCDD00843C9E /* OAuthType.swift in Sources */ = {isa = PBXBuildFile; fileRef = 6B6276862D35FCDD00843C9E /* OAuthType.swift */; };
		6B6276892D35FDD000843C9E /* Color.swift in Sources */ = {isa = PBXBuildFile; fileRef = 6B6276882D35FDD000843C9E /* Color.swift */; };
		6B62768E2D35FFE800843C9E /* RemoteResponse.swift in Sources */ = {isa = PBXBuildFile; fileRef = 6B62768D2D35FFE800843C9E /* RemoteResponse.swift */; };
		6B6276922D35FFF100843C9E /* EmptyResponseModel.swift in Sources */ = {isa = PBXBuildFile; fileRef = 6B6276912D35FFF100843C9E /* EmptyResponseModel.swift */; };
		6B6276932D35FFF100843C9E /* AppVersionResponse.swift in Sources */ = {isa = PBXBuildFile; fileRef = 6B62768F2D35FFF100843C9E /* AppVersionResponse.swift */; };
		6B6276942D35FFF100843C9E /* ErrorResponse.swift in Sources */ = {isa = PBXBuildFile; fileRef = 6B6276902D35FFF100843C9E /* ErrorResponse.swift */; };
		6B6276992D36199700843C9E /* RootCoordinatorView.swift in Sources */ = {isa = PBXBuildFile; fileRef = 6B6276982D36199700843C9E /* RootCoordinatorView.swift */; };
		6B62769B2D3619B500843C9E /* RootCoordinator.swift in Sources */ = {isa = PBXBuildFile; fileRef = 6B62769A2D3619B500843C9E /* RootCoordinator.swift */; };
		6B62769F2D361C2100843C9E /* OnboardingCoordinator.swift in Sources */ = {isa = PBXBuildFile; fileRef = 6B62769E2D361C2100843C9E /* OnboardingCoordinator.swift */; };
		6B6276A12D361CE300843C9E /* OnboardingScreen.swift in Sources */ = {isa = PBXBuildFile; fileRef = 6B6276A02D361CE300843C9E /* OnboardingScreen.swift */; };
		6B6276A32D361D1400843C9E /* OnboardingScreen+Identifiable.swift in Sources */ = {isa = PBXBuildFile; fileRef = 6B6276A22D361D1400843C9E /* OnboardingScreen+Identifiable.swift */; };
		6B6276A72D361F1100843C9E /* AuthView.swift in Sources */ = {isa = PBXBuildFile; fileRef = 6B6276A62D361F1100843C9E /* AuthView.swift */; };
		6B6276A92D361F4100843C9E /* AuthFeature.swift in Sources */ = {isa = PBXBuildFile; fileRef = 6B6276A82D361F4100843C9E /* AuthFeature.swift */; };
		6B6923CB2D2C25450086E4D3 /* TCACoordinators in Frameworks */ = {isa = PBXBuildFile; productRef = 6B6923CA2D2C25450086E4D3 /* TCACoordinators */; };
		6B6923CE2D2C25540086E4D3 /* Alamofire in Frameworks */ = {isa = PBXBuildFile; productRef = 6B6923CD2D2C25540086E4D3 /* Alamofire */; };
		6B6923D12D2C25680086E4D3 /* Kingfisher in Frameworks */ = {isa = PBXBuildFile; productRef = 6B6923D02D2C25680086E4D3 /* Kingfisher */; };
		6B6923D42D2C25A00086E4D3 /* KakaoSDK in Frameworks */ = {isa = PBXBuildFile; productRef = 6B6923D32D2C25A00086E4D3 /* KakaoSDK */; };
		6B6923D62D2C25A00086E4D3 /* KakaoSDKAuth in Frameworks */ = {isa = PBXBuildFile; productRef = 6B6923D52D2C25A00086E4D3 /* KakaoSDKAuth */; };
		6B6923D82D2C25A00086E4D3 /* KakaoSDKCert in Frameworks */ = {isa = PBXBuildFile; productRef = 6B6923D72D2C25A00086E4D3 /* KakaoSDKCert */; };
		6B6923DA2D2C25A00086E4D3 /* KakaoSDKCertCore in Frameworks */ = {isa = PBXBuildFile; productRef = 6B6923D92D2C25A00086E4D3 /* KakaoSDKCertCore */; };
		6B6923DC2D2C25A00086E4D3 /* KakaoSDKCommon in Frameworks */ = {isa = PBXBuildFile; productRef = 6B6923DB2D2C25A00086E4D3 /* KakaoSDKCommon */; };
		6B6923DE2D2C25A00086E4D3 /* KakaoSDKUser in Frameworks */ = {isa = PBXBuildFile; productRef = 6B6923DD2D2C25A00086E4D3 /* KakaoSDKUser */; };
		6BF2D8542D46037500252A43 /* NaverMapManager.swift in Sources */ = {isa = PBXBuildFile; fileRef = 6BF2D8532D46037500252A43 /* NaverMapManager.swift */; };
		6BF2D85A2D46105C00252A43 /* Config.xcconfig in Resources */ = {isa = PBXBuildFile; fileRef = 6BF2D8592D46105C00252A43 /* Config.xcconfig */; };
		6BF2D85C2D49ECED00252A43 /* StudyMapView+ChildView.swift in Sources */ = {isa = PBXBuildFile; fileRef = 6BF2D85B2D49ECED00252A43 /* StudyMapView+ChildView.swift */; };
		6BF2D8622D49ED3200252A43 /* SearchView.swift in Sources */ = {isa = PBXBuildFile; fileRef = 6BF2D8612D49ED3200252A43 /* SearchView.swift */; };
		6BF2D8642D49ED3D00252A43 /* SearchFeature.swift in Sources */ = {isa = PBXBuildFile; fileRef = 6BF2D8632D49ED3D00252A43 /* SearchFeature.swift */; };
		6BF2D8662D49EEA800252A43 /* StudyMapFeature+Enum.swift in Sources */ = {isa = PBXBuildFile; fileRef = 6BF2D8652D49EEA800252A43 /* StudyMapFeature+Enum.swift */; };
		6BF2D86D2D4A414C00252A43 /* LatestSearch.swift in Sources */ = {isa = PBXBuildFile; fileRef = 6BF2D86C2D4A414C00252A43 /* LatestSearch.swift */; };
		6BF2D8782D4A471000252A43 /* RealmSwift in Frameworks */ = {isa = PBXBuildFile; productRef = 6BF2D8772D4A471000252A43 /* RealmSwift */; };
		6BF2D8792D4A492900252A43 /* RealmSwift in Embed Frameworks */ = {isa = PBXBuildFile; productRef = 6BF2D8772D4A471000252A43 /* RealmSwift */; settings = {ATTRIBUTES = (CodeSignOnCopy, ); }; };
		6BF2D87C2D4A568E00252A43 /* LocationManager.swift in Sources */ = {isa = PBXBuildFile; fileRef = 6BF2D87B2D4A568E00252A43 /* LocationManager.swift */; };
		6BF2D87E2D4A66A300252A43 /* AuthInterceptor.swift in Sources */ = {isa = PBXBuildFile; fileRef = 6BF2D87D2D4A66A300252A43 /* AuthInterceptor.swift */; };
		6BF2D8802D4A6FD700252A43 /* OnboardingCoordinatorView.swift in Sources */ = {isa = PBXBuildFile; fileRef = 6BF2D87F2D4A6FD700252A43 /* OnboardingCoordinatorView.swift */; };
		6BF2D8822D4C51E600252A43 /* SearchView+ChildView.swift in Sources */ = {isa = PBXBuildFile; fileRef = 6BF2D8812D4C51E600252A43 /* SearchView+ChildView.swift */; };
		6BF2D9302D4DD51D00252A43 /* InfoView.swift in Sources */ = {isa = PBXBuildFile; fileRef = 6BF2D92F2D4DD51D00252A43 /* InfoView.swift */; };
		6BF2D94B2D4E696900252A43 /* InfoDetailView.swift in Sources */ = {isa = PBXBuildFile; fileRef = 6BF2D94A2D4E696900252A43 /* InfoDetailView.swift */; };
		6BF2D95A2D4F433900252A43 /* InfoDetailFeature.swift in Sources */ = {isa = PBXBuildFile; fileRef = 6BF2D9592D4F433900252A43 /* InfoDetailFeature.swift */; };
		6BF2D95C2D4F435200252A43 /* ReviewExpandedView.swift in Sources */ = {isa = PBXBuildFile; fileRef = 6BF2D95B2D4F435200252A43 /* ReviewExpandedView.swift */; };
		6BF2D95E2D4F442900252A43 /* ReviewFeature.swift in Sources */ = {isa = PBXBuildFile; fileRef = 6BF2D95D2D4F442900252A43 /* ReviewFeature.swift */; };
		6BF2D9602D4F44D200252A43 /* ReviewWriteFilterView.swift in Sources */ = {isa = PBXBuildFile; fileRef = 6BF2D95F2D4F44D200252A43 /* ReviewWriteFilterView.swift */; };
		6BF2D9622D4F44D600252A43 /* ReviewWriteTextView.swift in Sources */ = {isa = PBXBuildFile; fileRef = 6BF2D9612D4F44D600252A43 /* ReviewWriteTextView.swift */; };
		6BF2D9642D4F454100252A43 /* ReviewWriteFilterFeature.swift in Sources */ = {isa = PBXBuildFile; fileRef = 6BF2D9632D4F454100252A43 /* ReviewWriteFilterFeature.swift */; };
		6BF2D9662D4F458300252A43 /* ReviewWriteTextFeature.swift in Sources */ = {isa = PBXBuildFile; fileRef = 6BF2D9652D4F458300252A43 /* ReviewWriteTextFeature.swift */; };
		6BF2D9682D4FA3D300252A43 /* PlaceRouter.swift in Sources */ = {isa = PBXBuildFile; fileRef = 6BF2D9672D4FA3D300252A43 /* PlaceRouter.swift */; };
		6BF2D9862D4FA67500252A43 /* PlaceSearchCondition.swift in Sources */ = {isa = PBXBuildFile; fileRef = 6BF2D9852D4FA67500252A43 /* PlaceSearchCondition.swift */; };
		6BF2D9882D4FA70700252A43 /* Encodable+Extension.swift in Sources */ = {isa = PBXBuildFile; fileRef = 6BF2D9872D4FA70700252A43 /* Encodable+Extension.swift */; };
		6BF2D98A2D4FA76500252A43 /* NetworkManager+Place.swift in Sources */ = {isa = PBXBuildFile; fileRef = 6BF2D9892D4FA76500252A43 /* NetworkManager+Place.swift */; };
		6BF2D98D2D4FA83E00252A43 /* PlaceDTO.swift in Sources */ = {isa = PBXBuildFile; fileRef = 6BF2D98C2D4FA83E00252A43 /* PlaceDTO.swift */; };
		6BF2D98F2D4FA84A00252A43 /* Place.swift in Sources */ = {isa = PBXBuildFile; fileRef = 6BF2D98E2D4FA84A00252A43 /* Place.swift */; };
		6BF2D9912D5071F700252A43 /* InfoFeature.swift in Sources */ = {isa = PBXBuildFile; fileRef = 6BF2D9902D5071F700252A43 /* InfoFeature.swift */; };
/* End PBXBuildFile section */

/* Begin PBXCopyFilesBuildPhase section */
		6BF2D87A2D4A492900252A43 /* Embed Frameworks */ = {
			isa = PBXCopyFilesBuildPhase;
			buildActionMask = 2147483647;
			dstPath = "";
			dstSubfolderSpec = 10;
			files = (
				6BF2D8792D4A492900252A43 /* RealmSwift in Embed Frameworks */,
			);
			name = "Embed Frameworks";
			runOnlyForDeploymentPostprocessing = 0;
		};
/* End PBXCopyFilesBuildPhase section */

/* Begin PBXFileReference section */
		6B62206E2D37A8A300C5F2C8 /* MainCoordinatorView.swift */ = {isa = PBXFileReference; lastKnownFileType = sourcecode.swift; path = MainCoordinatorView.swift; sourceTree = "<group>"; };
		6B6220702D37A8AF00C5F2C8 /* MainCoordinator.swift */ = {isa = PBXFileReference; lastKnownFileType = sourcecode.swift; path = MainCoordinator.swift; sourceTree = "<group>"; };
		6B62207B2D37AA9700C5F2C8 /* StudyMapCoordinator.swift */ = {isa = PBXFileReference; lastKnownFileType = sourcecode.swift; path = StudyMapCoordinator.swift; sourceTree = "<group>"; };
		6B62207D2D37AAF500C5F2C8 /* StudyMapScreen.swift */ = {isa = PBXFileReference; lastKnownFileType = sourcecode.swift; path = StudyMapScreen.swift; sourceTree = "<group>"; };
		6B62207E2D37AAF500C5F2C8 /* StudyMapScreen+Identifiable.swift */ = {isa = PBXFileReference; lastKnownFileType = sourcecode.swift; path = "StudyMapScreen+Identifiable.swift"; sourceTree = "<group>"; };
		6B6220812D37AC5200C5F2C8 /* StudyMapView.swift */ = {isa = PBXFileReference; lastKnownFileType = sourcecode.swift; path = StudyMapView.swift; sourceTree = "<group>"; };
		6B6220832D37AC5900C5F2C8 /* StudyMapFeature.swift */ = {isa = PBXFileReference; lastKnownFileType = sourcecode.swift; path = StudyMapFeature.swift; sourceTree = "<group>"; };
		6B6220852D37B0C400C5F2C8 /* Font.swift */ = {isa = PBXFileReference; lastKnownFileType = sourcecode.swift; path = Font.swift; sourceTree = "<group>"; };
		6B62208A2D3882C000C5F2C8 /* ScrapCoordinator.swift */ = {isa = PBXFileReference; lastKnownFileType = sourcecode.swift; path = ScrapCoordinator.swift; sourceTree = "<group>"; };
		6B62208B2D3882C000C5F2C8 /* ScrapScreen.swift */ = {isa = PBXFileReference; lastKnownFileType = sourcecode.swift; path = ScrapScreen.swift; sourceTree = "<group>"; };
		6B62208C2D3882C000C5F2C8 /* ScrapScreen+Identifiable.swift */ = {isa = PBXFileReference; lastKnownFileType = sourcecode.swift; path = "ScrapScreen+Identifiable.swift"; sourceTree = "<group>"; };
		6B6220902D3882C300C5F2C8 /* ScrapView.swift */ = {isa = PBXFileReference; lastKnownFileType = sourcecode.swift; path = ScrapView.swift; sourceTree = "<group>"; };
		6B6220922D3882C500C5F2C8 /* ScrapFeature.swift */ = {isa = PBXFileReference; lastKnownFileType = sourcecode.swift; path = ScrapFeature.swift; sourceTree = "<group>"; };
		6B6220982D3889EF00C5F2C8 /* MainCoordinator+Function.swift */ = {isa = PBXFileReference; lastKnownFileType = sourcecode.swift; path = "MainCoordinator+Function.swift"; sourceTree = "<group>"; };
		6B62209A2D388D8500C5F2C8 /* MyPageCoordinator.swift */ = {isa = PBXFileReference; lastKnownFileType = sourcecode.swift; path = MyPageCoordinator.swift; sourceTree = "<group>"; };
		6B62209B2D388D8500C5F2C8 /* MyPageScreen.swift */ = {isa = PBXFileReference; lastKnownFileType = sourcecode.swift; path = MyPageScreen.swift; sourceTree = "<group>"; };
		6B62209C2D388D8500C5F2C8 /* MyPageScreen+Identifiable.swift */ = {isa = PBXFileReference; lastKnownFileType = sourcecode.swift; path = "MyPageScreen+Identifiable.swift"; sourceTree = "<group>"; };
		6B62209E2D388D8500C5F2C8 /* MyPageView.swift */ = {isa = PBXFileReference; lastKnownFileType = sourcecode.swift; path = MyPageView.swift; sourceTree = "<group>"; };
		6B6220A02D388D8500C5F2C8 /* MyPageFeature.swift */ = {isa = PBXFileReference; lastKnownFileType = sourcecode.swift; path = MyPageFeature.swift; sourceTree = "<group>"; };
		6B6220A92D3896E800C5F2C8 /* WhidySplashView.swift */ = {isa = PBXFileReference; lastKnownFileType = sourcecode.swift; path = WhidySplashView.swift; sourceTree = "<group>"; };
		6B6220AC2D38A4BF00C5F2C8 /* WebView.swift */ = {isa = PBXFileReference; lastKnownFileType = sourcecode.swift; path = WebView.swift; sourceTree = "<group>"; };
		6B6220AE2D38D6F300C5F2C8 /* Info.plist */ = {isa = PBXFileReference; lastKnownFileType = text.plist; path = Info.plist; sourceTree = "<group>"; };
		6B6220B32D38DFB000C5F2C8 /* MemberNicknameView.swift */ = {isa = PBXFileReference; lastKnownFileType = sourcecode.swift; path = MemberNicknameView.swift; sourceTree = "<group>"; };
		6B6220B52D38DFB900C5F2C8 /* MemberNicknameFeature.swift */ = {isa = PBXFileReference; lastKnownFileType = sourcecode.swift; path = MemberNicknameFeature.swift; sourceTree = "<group>"; };
		6B6220B72D38E28E00C5F2C8 /* URL+Extension.swift */ = {isa = PBXFileReference; lastKnownFileType = sourcecode.swift; path = "URL+Extension.swift"; sourceTree = "<group>"; };
		6B6220B92D39022E00C5F2C8 /* CommonTextfieldStyle.swift */ = {isa = PBXFileReference; lastKnownFileType = sourcecode.swift; path = CommonTextfieldStyle.swift; sourceTree = "<group>"; };
		6B6220BB2D39077500C5F2C8 /* AlignmentModifier.swift */ = {isa = PBXFileReference; lastKnownFileType = sourcecode.swift; path = AlignmentModifier.swift; sourceTree = "<group>"; };
		6B6220BD2D39E92900C5F2C8 /* MemberEmailView.swift */ = {isa = PBXFileReference; lastKnownFileType = sourcecode.swift; path = MemberEmailView.swift; sourceTree = "<group>"; };
		6B6220BF2D39E92B00C5F2C8 /* MemberEmailFeature.swift */ = {isa = PBXFileReference; lastKnownFileType = sourcecode.swift; path = MemberEmailFeature.swift; sourceTree = "<group>"; };
		6B6220C32D39EDD700C5F2C8 /* LoadingView.swift */ = {isa = PBXFileReference; lastKnownFileType = sourcecode.swift; path = LoadingView.swift; sourceTree = "<group>"; };
		6B6220C42D39EDD700C5F2C8 /* BackButton.swift */ = {isa = PBXFileReference; lastKnownFileType = sourcecode.swift; path = BackButton.swift; sourceTree = "<group>"; };
		6B6220C92D39F56A00C5F2C8 /* SignUpRequest.swift */ = {isa = PBXFileReference; lastKnownFileType = sourcecode.swift; path = SignUpRequest.swift; sourceTree = "<group>"; };
		6B6220CB2D39F5AF00C5F2C8 /* SignInResponse.swift */ = {isa = PBXFileReference; lastKnownFileType = sourcecode.swift; path = SignInResponse.swift; sourceTree = "<group>"; };
		6B6220CE2D39F73E00C5F2C8 /* SignIn.swift */ = {isa = PBXFileReference; lastKnownFileType = sourcecode.swift; path = SignIn.swift; sourceTree = "<group>"; };
		6B6221842D3B720E00C5F2C8 /* MemberSession.swift */ = {isa = PBXFileReference; lastKnownFileType = sourcecode.swift; path = MemberSession.swift; sourceTree = "<group>"; };
		6B6221892D3B989600C5F2C8 /* MapView.swift */ = {isa = PBXFileReference; lastKnownFileType = sourcecode.swift; path = MapView.swift; sourceTree = "<group>"; };
		6B62218B2D3BA85600C5F2C8 /* CustomTabBar.swift */ = {isa = PBXFileReference; lastKnownFileType = sourcecode.swift; path = CustomTabBar.swift; sourceTree = "<group>"; };
		6B62756A2D35EC7D00843C9E /* Preview Assets.xcassets */ = {isa = PBXFileReference; lastKnownFileType = folder.assetcatalog; path = "Preview Assets.xcassets"; sourceTree = "<group>"; };
		6B62756C2D35EC7D00843C9E /* Assets.xcassets */ = {isa = PBXFileReference; lastKnownFileType = folder.assetcatalog; path = Assets.xcassets; sourceTree = "<group>"; };
		6B62756E2D35EC7D00843C9E /* Whidy_iOS.entitlements */ = {isa = PBXFileReference; lastKnownFileType = text.plist.entitlements; path = Whidy_iOS.entitlements; sourceTree = "<group>"; };
		6B62756F2D35EC7D00843C9E /* Whidy_iOSApp.swift */ = {isa = PBXFileReference; lastKnownFileType = sourcecode.swift; path = Whidy_iOSApp.swift; sourceTree = "<group>"; };
		6B6275D22D35EFE200843C9E /* UIApplication+Extension.swift */ = {isa = PBXFileReference; lastKnownFileType = sourcecode.swift; path = "UIApplication+Extension.swift"; sourceTree = "<group>"; };
		6B6275D32D35EFE200843C9E /* View+Extension.swift */ = {isa = PBXFileReference; lastKnownFileType = sourcecode.swift; path = "View+Extension.swift"; sourceTree = "<group>"; };
		6B6275D42D35EFE200843C9E /* Notification.name+Extension.swift */ = {isa = PBXFileReference; lastKnownFileType = sourcecode.swift; path = "Notification.name+Extension.swift"; sourceTree = "<group>"; };
		6B6275D52D35EFE200843C9E /* UserDefaults+Extension.swift */ = {isa = PBXFileReference; lastKnownFileType = sourcecode.swift; path = "UserDefaults+Extension.swift"; sourceTree = "<group>"; };
		6B6275D62D35EFE200843C9E /* Optional+Extension.swift */ = {isa = PBXFileReference; lastKnownFileType = sourcecode.swift; path = "Optional+Extension.swift"; sourceTree = "<group>"; };
		6B6275D72D35EFE200843C9E /* Dictionary+Extension.swift */ = {isa = PBXFileReference; lastKnownFileType = sourcecode.swift; path = "Dictionary+Extension.swift"; sourceTree = "<group>"; };
		6B6275D82D35EFE200843C9E /* String+Extension.swift */ = {isa = PBXFileReference; lastKnownFileType = sourcecode.swift; path = "String+Extension.swift"; sourceTree = "<group>"; };
		6B6275D92D35EFE200843C9E /* Int+Extension.swift */ = {isa = PBXFileReference; lastKnownFileType = sourcecode.swift; path = "Int+Extension.swift"; sourceTree = "<group>"; };
		6B6275DA2D35EFE200843C9E /* Float+Extension.swift */ = {isa = PBXFileReference; lastKnownFileType = sourcecode.swift; path = "Float+Extension.swift"; sourceTree = "<group>"; };
		6B6275DB2D35EFE200843C9E /* Double+Extension.swift */ = {isa = PBXFileReference; lastKnownFileType = sourcecode.swift; path = "Double+Extension.swift"; sourceTree = "<group>"; };
		6B6275DC2D35EFE200843C9E /* Image+Extension.swift */ = {isa = PBXFileReference; lastKnownFileType = sourcecode.swift; path = "Image+Extension.swift"; sourceTree = "<group>"; };
		6B6275DD2D35EFE200843C9E /* Publisher+Extension.swift */ = {isa = PBXFileReference; lastKnownFileType = sourcecode.swift; path = "Publisher+Extension.swift"; sourceTree = "<group>"; };
		6B6275DE2D35EFE200843C9E /* Array+Extension.swift */ = {isa = PBXFileReference; lastKnownFileType = sourcecode.swift; path = "Array+Extension.swift"; sourceTree = "<group>"; };
		6B6275DF2D35EFE200843C9E /* UIDevice+Extension.swift */ = {isa = PBXFileReference; lastKnownFileType = sourcecode.swift; path = "UIDevice+Extension.swift"; sourceTree = "<group>"; };
		6B6275E12D35EFE200843C9E /* Enviroment.swift */ = {isa = PBXFileReference; lastKnownFileType = sourcecode.swift; path = Enviroment.swift; sourceTree = "<group>"; };
		6B6275E22D35EFE200843C9E /* Logger.swift */ = {isa = PBXFileReference; lastKnownFileType = sourcecode.swift; path = Logger.swift; sourceTree = "<group>"; };
		6B6275E32D35EFE200843C9E /* LoginType.swift */ = {isa = PBXFileReference; lastKnownFileType = sourcecode.swift; path = LoginType.swift; sourceTree = "<group>"; };
		6B62761D2D35EFFB00843C9E /* ButtonWrapper.swift */ = {isa = PBXFileReference; lastKnownFileType = sourcecode.swift; path = ButtonWrapper.swift; sourceTree = "<group>"; };
		6B62761E2D35EFFB00843C9E /* TextToButtonModifier.swift */ = {isa = PBXFileReference; lastKnownFileType = sourcecode.swift; path = TextToButtonModifier.swift; sourceTree = "<group>"; };
		6B62761F2D35EFFB00843C9E /* NormalTextFieldModifier.swift */ = {isa = PBXFileReference; lastKnownFileType = sourcecode.swift; path = NormalTextFieldModifier.swift; sourceTree = "<group>"; };
		6B6276202D35EFFB00843C9E /* NormalTextLabelModifier.swift */ = {isa = PBXFileReference; lastKnownFileType = sourcecode.swift; path = NormalTextLabelModifier.swift; sourceTree = "<group>"; };
		6B6276212D35EFFB00843C9E /* NormalTextLabelModifier2.swift */ = {isa = PBXFileReference; lastKnownFileType = sourcecode.swift; path = NormalTextLabelModifier2.swift; sourceTree = "<group>"; };
		6B6276222D35EFFB00843C9E /* ShadowModifier.swift */ = {isa = PBXFileReference; lastKnownFileType = sourcecode.swift; path = ShadowModifier.swift; sourceTree = "<group>"; };
		6B6276232D35EFFB00843C9E /* FontModifier.swift */ = {isa = PBXFileReference; lastKnownFileType = sourcecode.swift; path = FontModifier.swift; sourceTree = "<group>"; };
		6B6276242D35EFFB00843C9E /* DynamicFontSizeModifier.swift */ = {isa = PBXFileReference; lastKnownFileType = sourcecode.swift; path = DynamicFontSizeModifier.swift; sourceTree = "<group>"; };
		6B6276252D35EFFB00843C9E /* ProfileImageModifier.swift */ = {isa = PBXFileReference; lastKnownFileType = sourcecode.swift; path = ProfileImageModifier.swift; sourceTree = "<group>"; };
		6B6276262D35EFFB00843C9E /* NavigationBarModifier.swift */ = {isa = PBXFileReference; lastKnownFileType = sourcecode.swift; path = NavigationBarModifier.swift; sourceTree = "<group>"; };
		6B6276272D35EFFB00843C9E /* TextBackgroundModifier.swift */ = {isa = PBXFileReference; lastKnownFileType = sourcecode.swift; path = TextBackgroundModifier.swift; sourceTree = "<group>"; };
		6B6276282D35EFFB00843C9E /* RedactedModifier.swift */ = {isa = PBXFileReference; lastKnownFileType = sourcecode.swift; path = RedactedModifier.swift; sourceTree = "<group>"; };
		6B62762D2D35EFFB00843C9E /* DateFormatUtil.swift */ = {isa = PBXFileReference; lastKnownFileType = sourcecode.swift; path = DateFormatUtil.swift; sourceTree = "<group>"; };
		6B62762E2D35EFFB00843C9E /* StringUtil.swift */ = {isa = PBXFileReference; lastKnownFileType = sourcecode.swift; path = StringUtil.swift; sourceTree = "<group>"; };
		6B62762F2D35EFFB00843C9E /* NetworkMonitor.swift */ = {isa = PBXFileReference; lastKnownFileType = sourcecode.swift; path = NetworkMonitor.swift; sourceTree = "<group>"; };
		6B6276302D35EFFB00843C9E /* AppStoreCheckManager.swift */ = {isa = PBXFileReference; lastKnownFileType = sourcecode.swift; path = AppStoreCheckManager.swift; sourceTree = "<group>"; };
		6B62764C2D35F01A00843C9E /* RemoteConstants.swift */ = {isa = PBXFileReference; lastKnownFileType = sourcecode.swift; path = RemoteConstants.swift; sourceTree = "<group>"; };
		6B62764D2D35F01A00843C9E /* TargetType.swift */ = {isa = PBXFileReference; lastKnownFileType = sourcecode.swift; path = TargetType.swift; sourceTree = "<group>"; };
		6B62764E2D35F01A00843C9E /* HTTPHeader.swift */ = {isa = PBXFileReference; lastKnownFileType = sourcecode.swift; path = HTTPHeader.swift; sourceTree = "<group>"; };
		6B6276532D35F02200843C9E /* AuthRouter.swift */ = {isa = PBXFileReference; lastKnownFileType = sourcecode.swift; path = AuthRouter.swift; sourceTree = "<group>"; };
		6B6276542D35F02200843C9E /* CommonRouter.swift */ = {isa = PBXFileReference; lastKnownFileType = sourcecode.swift; path = CommonRouter.swift; sourceTree = "<group>"; };
		6B6276662D35F02B00843C9E /* APIError.swift */ = {isa = PBXFileReference; lastKnownFileType = sourcecode.swift; path = APIError.swift; sourceTree = "<group>"; };
		6B6276682D35F02B00843C9E /* NetworkManager.swift */ = {isa = PBXFileReference; lastKnownFileType = sourcecode.swift; path = NetworkManager.swift; sourceTree = "<group>"; };
		6B6276692D35F02B00843C9E /* NetworkManager+Auth.swift */ = {isa = PBXFileReference; lastKnownFileType = sourcecode.swift; path = "NetworkManager+Auth.swift"; sourceTree = "<group>"; };
		6B6276862D35FCDD00843C9E /* OAuthType.swift */ = {isa = PBXFileReference; lastKnownFileType = sourcecode.swift; path = OAuthType.swift; sourceTree = "<group>"; };
		6B6276882D35FDD000843C9E /* Color.swift */ = {isa = PBXFileReference; lastKnownFileType = sourcecode.swift; path = Color.swift; sourceTree = "<group>"; };
		6B62768D2D35FFE800843C9E /* RemoteResponse.swift */ = {isa = PBXFileReference; lastKnownFileType = sourcecode.swift; path = RemoteResponse.swift; sourceTree = "<group>"; };
		6B62768F2D35FFF100843C9E /* AppVersionResponse.swift */ = {isa = PBXFileReference; lastKnownFileType = sourcecode.swift; path = AppVersionResponse.swift; sourceTree = "<group>"; };
		6B6276902D35FFF100843C9E /* ErrorResponse.swift */ = {isa = PBXFileReference; lastKnownFileType = sourcecode.swift; path = ErrorResponse.swift; sourceTree = "<group>"; };
		6B6276912D35FFF100843C9E /* EmptyResponseModel.swift */ = {isa = PBXFileReference; lastKnownFileType = sourcecode.swift; path = EmptyResponseModel.swift; sourceTree = "<group>"; };
		6B6276982D36199700843C9E /* RootCoordinatorView.swift */ = {isa = PBXFileReference; lastKnownFileType = sourcecode.swift; path = RootCoordinatorView.swift; sourceTree = "<group>"; };
		6B62769A2D3619B500843C9E /* RootCoordinator.swift */ = {isa = PBXFileReference; lastKnownFileType = sourcecode.swift; path = RootCoordinator.swift; sourceTree = "<group>"; };
		6B62769E2D361C2100843C9E /* OnboardingCoordinator.swift */ = {isa = PBXFileReference; lastKnownFileType = sourcecode.swift; path = OnboardingCoordinator.swift; sourceTree = "<group>"; };
		6B6276A02D361CE300843C9E /* OnboardingScreen.swift */ = {isa = PBXFileReference; lastKnownFileType = sourcecode.swift; path = OnboardingScreen.swift; sourceTree = "<group>"; };
		6B6276A22D361D1400843C9E /* OnboardingScreen+Identifiable.swift */ = {isa = PBXFileReference; lastKnownFileType = sourcecode.swift; path = "OnboardingScreen+Identifiable.swift"; sourceTree = "<group>"; };
		6B6276A62D361F1100843C9E /* AuthView.swift */ = {isa = PBXFileReference; lastKnownFileType = sourcecode.swift; path = AuthView.swift; sourceTree = "<group>"; };
		6B6276A82D361F4100843C9E /* AuthFeature.swift */ = {isa = PBXFileReference; lastKnownFileType = sourcecode.swift; path = AuthFeature.swift; sourceTree = "<group>"; };
		6B65F9A92D291B06000164A4 /* Whidy-iOS.app */ = {isa = PBXFileReference; explicitFileType = wrapper.application; includeInIndex = 0; path = "Whidy-iOS.app"; sourceTree = BUILT_PRODUCTS_DIR; };
		6BF2D8532D46037500252A43 /* NaverMapManager.swift */ = {isa = PBXFileReference; lastKnownFileType = sourcecode.swift; path = NaverMapManager.swift; sourceTree = "<group>"; };
		6BF2D8592D46105C00252A43 /* Config.xcconfig */ = {isa = PBXFileReference; lastKnownFileType = text.xcconfig; path = Config.xcconfig; sourceTree = "<group>"; };
		6BF2D85B2D49ECED00252A43 /* StudyMapView+ChildView.swift */ = {isa = PBXFileReference; lastKnownFileType = sourcecode.swift; path = "StudyMapView+ChildView.swift"; sourceTree = "<group>"; };
		6BF2D8612D49ED3200252A43 /* SearchView.swift */ = {isa = PBXFileReference; lastKnownFileType = sourcecode.swift; path = SearchView.swift; sourceTree = "<group>"; };
		6BF2D8632D49ED3D00252A43 /* SearchFeature.swift */ = {isa = PBXFileReference; lastKnownFileType = sourcecode.swift; path = SearchFeature.swift; sourceTree = "<group>"; };
		6BF2D8652D49EEA800252A43 /* StudyMapFeature+Enum.swift */ = {isa = PBXFileReference; lastKnownFileType = sourcecode.swift; path = "StudyMapFeature+Enum.swift"; sourceTree = "<group>"; };
		6BF2D86C2D4A414C00252A43 /* LatestSearch.swift */ = {isa = PBXFileReference; lastKnownFileType = sourcecode.swift; path = LatestSearch.swift; sourceTree = "<group>"; };
		6BF2D87B2D4A568E00252A43 /* LocationManager.swift */ = {isa = PBXFileReference; lastKnownFileType = sourcecode.swift; path = LocationManager.swift; sourceTree = "<group>"; };
		6BF2D87D2D4A66A300252A43 /* AuthInterceptor.swift */ = {isa = PBXFileReference; lastKnownFileType = sourcecode.swift; path = AuthInterceptor.swift; sourceTree = "<group>"; };
		6BF2D87F2D4A6FD700252A43 /* OnboardingCoordinatorView.swift */ = {isa = PBXFileReference; lastKnownFileType = sourcecode.swift; path = OnboardingCoordinatorView.swift; sourceTree = "<group>"; };
		6BF2D8812D4C51E600252A43 /* SearchView+ChildView.swift */ = {isa = PBXFileReference; lastKnownFileType = sourcecode.swift; path = "SearchView+ChildView.swift"; sourceTree = "<group>"; };
		6BF2D92F2D4DD51D00252A43 /* InfoView.swift */ = {isa = PBXFileReference; lastKnownFileType = sourcecode.swift; path = InfoView.swift; sourceTree = "<group>"; };
		6BF2D94A2D4E696900252A43 /* InfoDetailView.swift */ = {isa = PBXFileReference; lastKnownFileType = sourcecode.swift; path = InfoDetailView.swift; sourceTree = "<group>"; };
		6BF2D9592D4F433900252A43 /* InfoDetailFeature.swift */ = {isa = PBXFileReference; lastKnownFileType = sourcecode.swift; path = InfoDetailFeature.swift; sourceTree = "<group>"; };
		6BF2D95B2D4F435200252A43 /* ReviewExpandedView.swift */ = {isa = PBXFileReference; lastKnownFileType = sourcecode.swift; path = ReviewExpandedView.swift; sourceTree = "<group>"; };
		6BF2D95D2D4F442900252A43 /* ReviewFeature.swift */ = {isa = PBXFileReference; lastKnownFileType = sourcecode.swift; path = ReviewFeature.swift; sourceTree = "<group>"; };
		6BF2D95F2D4F44D200252A43 /* ReviewWriteFilterView.swift */ = {isa = PBXFileReference; lastKnownFileType = sourcecode.swift; path = ReviewWriteFilterView.swift; sourceTree = "<group>"; };
		6BF2D9612D4F44D600252A43 /* ReviewWriteTextView.swift */ = {isa = PBXFileReference; lastKnownFileType = sourcecode.swift; path = ReviewWriteTextView.swift; sourceTree = "<group>"; };
		6BF2D9632D4F454100252A43 /* ReviewWriteFilterFeature.swift */ = {isa = PBXFileReference; lastKnownFileType = sourcecode.swift; path = ReviewWriteFilterFeature.swift; sourceTree = "<group>"; };
		6BF2D9652D4F458300252A43 /* ReviewWriteTextFeature.swift */ = {isa = PBXFileReference; lastKnownFileType = sourcecode.swift; path = ReviewWriteTextFeature.swift; sourceTree = "<group>"; };
		6BF2D9672D4FA3D300252A43 /* PlaceRouter.swift */ = {isa = PBXFileReference; lastKnownFileType = sourcecode.swift; path = PlaceRouter.swift; sourceTree = "<group>"; };
		6BF2D9852D4FA67500252A43 /* PlaceSearchCondition.swift */ = {isa = PBXFileReference; lastKnownFileType = sourcecode.swift; path = PlaceSearchCondition.swift; sourceTree = "<group>"; };
		6BF2D9872D4FA70700252A43 /* Encodable+Extension.swift */ = {isa = PBXFileReference; lastKnownFileType = sourcecode.swift; path = "Encodable+Extension.swift"; sourceTree = "<group>"; };
		6BF2D9892D4FA76500252A43 /* NetworkManager+Place.swift */ = {isa = PBXFileReference; lastKnownFileType = sourcecode.swift; path = "NetworkManager+Place.swift"; sourceTree = "<group>"; };
		6BF2D98C2D4FA83E00252A43 /* PlaceDTO.swift */ = {isa = PBXFileReference; lastKnownFileType = sourcecode.swift; path = PlaceDTO.swift; sourceTree = "<group>"; };
		6BF2D98E2D4FA84A00252A43 /* Place.swift */ = {isa = PBXFileReference; lastKnownFileType = sourcecode.swift; path = Place.swift; sourceTree = "<group>"; };
		6BF2D9902D5071F700252A43 /* InfoFeature.swift */ = {isa = PBXFileReference; lastKnownFileType = sourcecode.swift; path = InfoFeature.swift; sourceTree = "<group>"; };
/* End PBXFileReference section */

/* Begin PBXFrameworksBuildPhase section */
		6B65F9A62D291B06000164A4 /* Frameworks */ = {
			isa = PBXFrameworksBuildPhase;
			buildActionMask = 2147483647;
			files = (
				6B6923DC2D2C25A00086E4D3 /* KakaoSDKCommon in Frameworks */,
				6B6221882D3B967900C5F2C8 /* NMapsMap in Frameworks */,
				6B6923D12D2C25680086E4D3 /* Kingfisher in Frameworks */,
				6BF2D8782D4A471000252A43 /* RealmSwift in Frameworks */,
				6B6923D42D2C25A00086E4D3 /* KakaoSDK in Frameworks */,
				6B6276812D35FA8E00843C9E /* SwiftyUserDefaults in Frameworks */,
				6B6923CB2D2C25450086E4D3 /* TCACoordinators in Frameworks */,
				6B6923D82D2C25A00086E4D3 /* KakaoSDKCert in Frameworks */,
				6B6923CE2D2C25540086E4D3 /* Alamofire in Frameworks */,
				6B6276842D35FAD700843C9E /* SwiftyBeaver in Frameworks */,
				6B6923D62D2C25A00086E4D3 /* KakaoSDKAuth in Frameworks */,
				6B6923DA2D2C25A00086E4D3 /* KakaoSDKCertCore in Frameworks */,
				6B6923DE2D2C25A00086E4D3 /* KakaoSDKUser in Frameworks */,
			);
			runOnlyForDeploymentPostprocessing = 0;
		};
/* End PBXFrameworksBuildPhase section */

/* Begin PBXGroup section */
		6B62206B2D37A85000C5F2C8 /* Coordinator */ = {
			isa = PBXGroup;
			children = (
				6B62206E2D37A8A300C5F2C8 /* MainCoordinatorView.swift */,
				6B6220702D37A8AF00C5F2C8 /* MainCoordinator.swift */,
				6B6220982D3889EF00C5F2C8 /* MainCoordinator+Function.swift */,
			);
			path = Coordinator;
			sourceTree = "<group>";
		};
		6B6220722D37AA6600C5F2C8 /* Coordinator */ = {
			isa = PBXGroup;
			children = (
				6B62207B2D37AA9700C5F2C8 /* StudyMapCoordinator.swift */,
				6B62207D2D37AAF500C5F2C8 /* StudyMapScreen.swift */,
				6B62207E2D37AAF500C5F2C8 /* StudyMapScreen+Identifiable.swift */,
			);
			path = Coordinator;
			sourceTree = "<group>";
		};
		6B6220732D37AA6C00C5F2C8 /* View */ = {
			isa = PBXGroup;
			children = (
				6BF2D85D2D49ECFC00252A43 /* StudyMap */,
				6BF2D85E2D49ED0400252A43 /* Search */,
				6BF2D92E2D4DD50600252A43 /* Info */,
				6BF2D9562D4F430000252A43 /* Review */,
			);
			path = View;
			sourceTree = "<group>";
		};
		6B6220742D37AA7000C5F2C8 /* Feature */ = {
			isa = PBXGroup;
			children = (
				6BF2D85F2D49ED1000252A43 /* StudyMap */,
				6BF2D8602D49ED1E00252A43 /* Search */,
				6BF2D9572D4F430C00252A43 /* Info */,
				6BF2D9582D4F431100252A43 /* Review */,
			);
			path = Feature;
			sourceTree = "<group>";
		};
		6B6220872D37B2DB00C5F2C8 /* Coordinator */ = {
			isa = PBXGroup;
			children = (
				6B62208A2D3882C000C5F2C8 /* ScrapCoordinator.swift */,
				6B62208B2D3882C000C5F2C8 /* ScrapScreen.swift */,
				6B62208C2D3882C000C5F2C8 /* ScrapScreen+Identifiable.swift */,
			);
			path = Coordinator;
			sourceTree = "<group>";
		};
		6B6220882D37B2E100C5F2C8 /* View */ = {
			isa = PBXGroup;
			children = (
				6B6220902D3882C300C5F2C8 /* ScrapView.swift */,
			);
			path = View;
			sourceTree = "<group>";
		};
		6B6220892D37B2E900C5F2C8 /* Feature */ = {
			isa = PBXGroup;
			children = (
				6B6220922D3882C500C5F2C8 /* ScrapFeature.swift */,
			);
			path = Feature;
			sourceTree = "<group>";
		};
		6B62209D2D388D8500C5F2C8 /* Coordinator */ = {
			isa = PBXGroup;
			children = (
				6B62209A2D388D8500C5F2C8 /* MyPageCoordinator.swift */,
				6B62209B2D388D8500C5F2C8 /* MyPageScreen.swift */,
				6B62209C2D388D8500C5F2C8 /* MyPageScreen+Identifiable.swift */,
			);
			path = Coordinator;
			sourceTree = "<group>";
		};
		6B62209F2D388D8500C5F2C8 /* View */ = {
			isa = PBXGroup;
			children = (
				6B62209E2D388D8500C5F2C8 /* MyPageView.swift */,
			);
			path = View;
			sourceTree = "<group>";
		};
		6B6220A12D388D8500C5F2C8 /* Feature */ = {
			isa = PBXGroup;
			children = (
				6B6220A02D388D8500C5F2C8 /* MyPageFeature.swift */,
			);
			path = Feature;
			sourceTree = "<group>";
		};
		6B6220AB2D38A4B500C5F2C8 /* Common */ = {
			isa = PBXGroup;
			children = (
				6B6220C32D39EDD700C5F2C8 /* LoadingView.swift */,
				6B6220C42D39EDD700C5F2C8 /* BackButton.swift */,
				6B6220AC2D38A4BF00C5F2C8 /* WebView.swift */,
				6B6221892D3B989600C5F2C8 /* MapView.swift */,
				6B62218B2D3BA85600C5F2C8 /* CustomTabBar.swift */,
			);
			path = Common;
			sourceTree = "<group>";
		};
		6B6220B02D38D81D00C5F2C8 /* Member */ = {
			isa = PBXGroup;
			children = (
				6B6220B22D38DFA700C5F2C8 /* View */,
				6B6220B12D38DFA300C5F2C8 /* Feature */,
			);
			path = Member;
			sourceTree = "<group>";
		};
		6B6220B12D38DFA300C5F2C8 /* Feature */ = {
			isa = PBXGroup;
			children = (
				6B6220B52D38DFB900C5F2C8 /* MemberNicknameFeature.swift */,
				6B6220BF2D39E92B00C5F2C8 /* MemberEmailFeature.swift */,
			);
			path = Feature;
			sourceTree = "<group>";
		};
		6B6220B22D38DFA700C5F2C8 /* View */ = {
			isa = PBXGroup;
			children = (
				6B6220B32D38DFB000C5F2C8 /* MemberNicknameView.swift */,
				6B6220BD2D39E92900C5F2C8 /* MemberEmailView.swift */,
			);
			path = View;
			sourceTree = "<group>";
		};
		6B6220C72D39F54500C5F2C8 /* Auth */ = {
			isa = PBXGroup;
			children = (
				6B6220CB2D39F5AF00C5F2C8 /* SignInResponse.swift */,
			);
			path = Auth;
			sourceTree = "<group>";
		};
		6B6220C82D39F55400C5F2C8 /* Auth */ = {
			isa = PBXGroup;
			children = (
				6B6220C92D39F56A00C5F2C8 /* SignUpRequest.swift */,
			);
			path = Auth;
			sourceTree = "<group>";
		};
		6B6220CD2D39F63900C5F2C8 /* Entity */ = {
			isa = PBXGroup;
			children = (
				6B6220CE2D39F73E00C5F2C8 /* SignIn.swift */,
				6B6221842D3B720E00C5F2C8 /* MemberSession.swift */,
				6BF2D86C2D4A414C00252A43 /* LatestSearch.swift */,
				6BF2D98E2D4FA84A00252A43 /* Place.swift */,
			);
			path = Entity;
			sourceTree = "<group>";
		};
		6B6275662D35EC7D00843C9E /* Main */ = {
			isa = PBXGroup;
			children = (
				6B62206B2D37A85000C5F2C8 /* Coordinator */,
				6B9BA3C32D36529500A438E5 /* StudyMap */,
				6B9BA3C42D36530E00A438E5 /* Scrap */,
				6B9BA3C22D36528900A438E5 /* MyPage */,
			);
			path = Main;
			sourceTree = "<group>";
		};
		6B6275672D35EC7D00843C9E /* Onboarding */ = {
			isa = PBXGroup;
			children = (
				6B62769C2D361B1D00843C9E /* Coordinator */,
				6B62769D2D361B2700843C9E /* Auth */,
				6B6220B02D38D81D00C5F2C8 /* Member */,
			);
			path = Onboarding;
			sourceTree = "<group>";
		};
		6B6275682D35EC7D00843C9E /* Root */ = {
			isa = PBXGroup;
			children = (
				6B6276952D36197000843C9E /* Coordinator */,
			);
			path = Root;
			sourceTree = "<group>";
		};
		6B6275692D35EC7D00843C9E /* Presentation */ = {
			isa = PBXGroup;
			children = (
				6B6220AB2D38A4B500C5F2C8 /* Common */,
				6B6275682D35EC7D00843C9E /* Root */,
				6B6275672D35EC7D00843C9E /* Onboarding */,
				6B6275662D35EC7D00843C9E /* Main */,
			);
			path = Presentation;
			sourceTree = "<group>";
		};
		6B62756B2D35EC7D00843C9E /* Preview Content */ = {
			isa = PBXGroup;
			children = (
				6B62756A2D35EC7D00843C9E /* Preview Assets.xcassets */,
			);
			path = "Preview Content";
			sourceTree = "<group>";
		};
		6B6275702D35EC7D00843C9E /* Whidy-iOS */ = {
			isa = PBXGroup;
			children = (
				6B6220AE2D38D6F300C5F2C8 /* Info.plist */,
				6B6275E52D35EFE200843C9E /* Core */,
				6B6275692D35EC7D00843C9E /* Presentation */,
				6B62764B2D35F00E00843C9E /* Repository */,
				6B62759E2D35ECF200843C9E /* Resources */,
				6B62756B2D35EC7D00843C9E /* Preview Content */,
				6B62756C2D35EC7D00843C9E /* Assets.xcassets */,
				6B62756E2D35EC7D00843C9E /* Whidy_iOS.entitlements */,
				6B62756F2D35EC7D00843C9E /* Whidy_iOSApp.swift */,
				6B6220A92D3896E800C5F2C8 /* WhidySplashView.swift */,
			);
			path = "Whidy-iOS";
			sourceTree = "<group>";
		};
		6B62759E2D35ECF200843C9E /* Resources */ = {
			isa = PBXGroup;
			children = (
				6B6276882D35FDD000843C9E /* Color.swift */,
				6B6220852D37B0C400C5F2C8 /* Font.swift */,
			);
			path = Resources;
			sourceTree = "<group>";
		};
		6B6275E02D35EFE200843C9E /* Extension */ = {
			isa = PBXGroup;
			children = (
				6B6275D32D35EFE200843C9E /* View+Extension.swift */,
				6B6275D22D35EFE200843C9E /* UIApplication+Extension.swift */,
				6B6275D42D35EFE200843C9E /* Notification.name+Extension.swift */,
				6B6275D52D35EFE200843C9E /* UserDefaults+Extension.swift */,
				6B6275D62D35EFE200843C9E /* Optional+Extension.swift */,
				6B6275D72D35EFE200843C9E /* Dictionary+Extension.swift */,
				6B6275D82D35EFE200843C9E /* String+Extension.swift */,
				6B6275D92D35EFE200843C9E /* Int+Extension.swift */,
				6B6275DA2D35EFE200843C9E /* Float+Extension.swift */,
				6B6275DB2D35EFE200843C9E /* Double+Extension.swift */,
				6B6275DC2D35EFE200843C9E /* Image+Extension.swift */,
				6B6275DD2D35EFE200843C9E /* Publisher+Extension.swift */,
				6B6275DE2D35EFE200843C9E /* Array+Extension.swift */,
				6B6275DF2D35EFE200843C9E /* UIDevice+Extension.swift */,
				6B6220B72D38E28E00C5F2C8 /* URL+Extension.swift */,
				6BF2D9872D4FA70700252A43 /* Encodable+Extension.swift */,
			);
			path = Extension;
			sourceTree = "<group>";
		};
		6B6275E52D35EFE200843C9E /* Core */ = {
			isa = PBXGroup;
			children = (
				6B6276292D35EFFB00843C9E /* ViewModifier */,
				6B6276342D35EFFB00843C9E /* Utils */,
				6B6275E02D35EFE200843C9E /* Extension */,
			);
			path = Core;
			sourceTree = "<group>";
		};
		6B6276292D35EFFB00843C9E /* ViewModifier */ = {
			isa = PBXGroup;
			children = (
				6B62761D2D35EFFB00843C9E /* ButtonWrapper.swift */,
				6B62761E2D35EFFB00843C9E /* TextToButtonModifier.swift */,
				6B62761F2D35EFFB00843C9E /* NormalTextFieldModifier.swift */,
				6B6276202D35EFFB00843C9E /* NormalTextLabelModifier.swift */,
				6B6276212D35EFFB00843C9E /* NormalTextLabelModifier2.swift */,
				6B6276222D35EFFB00843C9E /* ShadowModifier.swift */,
				6B6276232D35EFFB00843C9E /* FontModifier.swift */,
				6B6276242D35EFFB00843C9E /* DynamicFontSizeModifier.swift */,
				6B6276252D35EFFB00843C9E /* ProfileImageModifier.swift */,
				6B6276262D35EFFB00843C9E /* NavigationBarModifier.swift */,
				6B6276272D35EFFB00843C9E /* TextBackgroundModifier.swift */,
				6B6276282D35EFFB00843C9E /* RedactedModifier.swift */,
				6B6220BB2D39077500C5F2C8 /* AlignmentModifier.swift */,
			);
			path = ViewModifier;
			sourceTree = "<group>";
		};
		6B6276342D35EFFB00843C9E /* Utils */ = {
			isa = PBXGroup;
			children = (
				6B62762D2D35EFFB00843C9E /* DateFormatUtil.swift */,
				6B62762E2D35EFFB00843C9E /* StringUtil.swift */,
				6B62762F2D35EFFB00843C9E /* NetworkMonitor.swift */,
				6B6276302D35EFFB00843C9E /* AppStoreCheckManager.swift */,
				6BF2D8532D46037500252A43 /* NaverMapManager.swift */,
				6BF2D87B2D4A568E00252A43 /* LocationManager.swift */,
				6B6275E12D35EFE200843C9E /* Enviroment.swift */,
				6B6275E22D35EFE200843C9E /* Logger.swift */,
				6B6275E32D35EFE200843C9E /* LoginType.swift */,
				6B6220B92D39022E00C5F2C8 /* CommonTextfieldStyle.swift */,
				6BF2D8592D46105C00252A43 /* Config.xcconfig */,
			);
			path = Utils;
			sourceTree = "<group>";
		};
		6B62764B2D35F00E00843C9E /* Repository */ = {
			isa = PBXGroup;
			children = (
				6B6220CD2D39F63900C5F2C8 /* Entity */,
				6B6276852D35FCB900843C9E /* Model */,
				6B6276722D35F02B00843C9E /* API */,
				6B62765C2D35F02200843C9E /* Router */,
				6B62764F2D35F01A00843C9E /* Common */,
			);
			path = Repository;
			sourceTree = "<group>";
		};
		6B62764F2D35F01A00843C9E /* Common */ = {
			isa = PBXGroup;
			children = (
				6B62764C2D35F01A00843C9E /* RemoteConstants.swift */,
				6B62764D2D35F01A00843C9E /* TargetType.swift */,
				6B62764E2D35F01A00843C9E /* HTTPHeader.swift */,
				6B6276862D35FCDD00843C9E /* OAuthType.swift */,
			);
			path = Common;
			sourceTree = "<group>";
		};
		6B62765C2D35F02200843C9E /* Router */ = {
			isa = PBXGroup;
			children = (
				6B6276532D35F02200843C9E /* AuthRouter.swift */,
				6BF2D9672D4FA3D300252A43 /* PlaceRouter.swift */,
				6B6276542D35F02200843C9E /* CommonRouter.swift */,
			);
			path = Router;
			sourceTree = "<group>";
		};
		6B6276722D35F02B00843C9E /* API */ = {
			isa = PBXGroup;
			children = (
				6B6276662D35F02B00843C9E /* APIError.swift */,
				6BF2D87D2D4A66A300252A43 /* AuthInterceptor.swift */,
				6B6276682D35F02B00843C9E /* NetworkManager.swift */,
				6B6276692D35F02B00843C9E /* NetworkManager+Auth.swift */,
				6BF2D9892D4FA76500252A43 /* NetworkManager+Place.swift */,
			);
			path = API;
			sourceTree = "<group>";
		};
		6B6276852D35FCB900843C9E /* Model */ = {
			isa = PBXGroup;
			children = (
				6B62768A2D35FFB900843C9E /* Request */,
				6B62768B2D35FFBE00843C9E /* Response */,
			);
			path = Model;
			sourceTree = "<group>";
		};
		6B62768A2D35FFB900843C9E /* Request */ = {
			isa = PBXGroup;
			children = (
				6BF2D9842D4FA57000252A43 /* Place */,
				6B6220C82D39F55400C5F2C8 /* Auth */,
			);
			path = Request;
			sourceTree = "<group>";
		};
		6B62768B2D35FFBE00843C9E /* Response */ = {
			isa = PBXGroup;
			children = (
				6BF2D98B2D4FA83400252A43 /* Place */,
				6B6220C72D39F54500C5F2C8 /* Auth */,
				6B62768C2D35FFE400843C9E /* Common */,
			);
			path = Response;
			sourceTree = "<group>";
		};
		6B62768C2D35FFE400843C9E /* Common */ = {
			isa = PBXGroup;
			children = (
				6B62768F2D35FFF100843C9E /* AppVersionResponse.swift */,
				6B6276902D35FFF100843C9E /* ErrorResponse.swift */,
				6B6276912D35FFF100843C9E /* EmptyResponseModel.swift */,
				6B62768D2D35FFE800843C9E /* RemoteResponse.swift */,
			);
			path = Common;
			sourceTree = "<group>";
		};
		6B6276952D36197000843C9E /* Coordinator */ = {
			isa = PBXGroup;
			children = (
				6B6276982D36199700843C9E /* RootCoordinatorView.swift */,
				6B62769A2D3619B500843C9E /* RootCoordinator.swift */,
			);
			path = Coordinator;
			sourceTree = "<group>";
		};
		6B62769C2D361B1D00843C9E /* Coordinator */ = {
			isa = PBXGroup;
			children = (
				6BF2D87F2D4A6FD700252A43 /* OnboardingCoordinatorView.swift */,
				6B62769E2D361C2100843C9E /* OnboardingCoordinator.swift */,
				6B6276A02D361CE300843C9E /* OnboardingScreen.swift */,
				6B6276A22D361D1400843C9E /* OnboardingScreen+Identifiable.swift */,
			);
			path = Coordinator;
			sourceTree = "<group>";
		};
		6B62769D2D361B2700843C9E /* Auth */ = {
			isa = PBXGroup;
			children = (
				6B6276A42D361D2F00843C9E /* View */,
				6B6276A52D361D3300843C9E /* Feature */,
			);
			path = Auth;
			sourceTree = "<group>";
		};
		6B6276A42D361D2F00843C9E /* View */ = {
			isa = PBXGroup;
			children = (
				6B6276A62D361F1100843C9E /* AuthView.swift */,
			);
			path = View;
			sourceTree = "<group>";
		};
		6B6276A52D361D3300843C9E /* Feature */ = {
			isa = PBXGroup;
			children = (
				6B6276A82D361F4100843C9E /* AuthFeature.swift */,
			);
			path = Feature;
			sourceTree = "<group>";
		};
		6B65F9A02D291B06000164A4 = {
			isa = PBXGroup;
			children = (
				6B6275702D35EC7D00843C9E /* Whidy-iOS */,
				6B65F9AA2D291B06000164A4 /* Products */,
			);
			sourceTree = "<group>";
		};
		6B65F9AA2D291B06000164A4 /* Products */ = {
			isa = PBXGroup;
			children = (
				6B65F9A92D291B06000164A4 /* Whidy-iOS.app */,
			);
			name = Products;
			sourceTree = "<group>";
		};
		6B9BA3C22D36528900A438E5 /* MyPage */ = {
			isa = PBXGroup;
			children = (
				6B62209D2D388D8500C5F2C8 /* Coordinator */,
				6B62209F2D388D8500C5F2C8 /* View */,
				6B6220A12D388D8500C5F2C8 /* Feature */,
			);
			path = MyPage;
			sourceTree = "<group>";
		};
		6B9BA3C32D36529500A438E5 /* StudyMap */ = {
			isa = PBXGroup;
			children = (
				6B6220722D37AA6600C5F2C8 /* Coordinator */,
				6B6220732D37AA6C00C5F2C8 /* View */,
				6B6220742D37AA7000C5F2C8 /* Feature */,
			);
			path = StudyMap;
			sourceTree = "<group>";
		};
		6B9BA3C42D36530E00A438E5 /* Scrap */ = {
			isa = PBXGroup;
			children = (
				6B6220872D37B2DB00C5F2C8 /* Coordinator */,
				6B6220882D37B2E100C5F2C8 /* View */,
				6B6220892D37B2E900C5F2C8 /* Feature */,
			);
			path = Scrap;
			sourceTree = "<group>";
		};
		6BF2D85D2D49ECFC00252A43 /* StudyMap */ = {
			isa = PBXGroup;
			children = (
				6B6220812D37AC5200C5F2C8 /* StudyMapView.swift */,
				6BF2D85B2D49ECED00252A43 /* StudyMapView+ChildView.swift */,
			);
			path = StudyMap;
			sourceTree = "<group>";
		};
		6BF2D85E2D49ED0400252A43 /* Search */ = {
			isa = PBXGroup;
			children = (
				6BF2D8612D49ED3200252A43 /* SearchView.swift */,
				6BF2D8812D4C51E600252A43 /* SearchView+ChildView.swift */,
			);
			path = Search;
			sourceTree = "<group>";
		};
		6BF2D85F2D49ED1000252A43 /* StudyMap */ = {
			isa = PBXGroup;
			children = (
				6B6220832D37AC5900C5F2C8 /* StudyMapFeature.swift */,
				6BF2D8652D49EEA800252A43 /* StudyMapFeature+Enum.swift */,
			);
			path = StudyMap;
			sourceTree = "<group>";
		};
		6BF2D8602D49ED1E00252A43 /* Search */ = {
			isa = PBXGroup;
			children = (
				6BF2D8632D49ED3D00252A43 /* SearchFeature.swift */,
			);
			path = Search;
			sourceTree = "<group>";
		};
		6BF2D92E2D4DD50600252A43 /* Info */ = {
			isa = PBXGroup;
			children = (
				6BF2D92F2D4DD51D00252A43 /* InfoView.swift */,
				6BF2D94A2D4E696900252A43 /* InfoDetailView.swift */,
			);
			path = Info;
			sourceTree = "<group>";
		};
		6BF2D9562D4F430000252A43 /* Review */ = {
			isa = PBXGroup;
			children = (
				6BF2D95B2D4F435200252A43 /* ReviewExpandedView.swift */,
				6BF2D95F2D4F44D200252A43 /* ReviewWriteFilterView.swift */,
				6BF2D9612D4F44D600252A43 /* ReviewWriteTextView.swift */,
			);
			path = Review;
			sourceTree = "<group>";
		};
		6BF2D9572D4F430C00252A43 /* Info */ = {
			isa = PBXGroup;
			children = (
				6BF2D9902D5071F700252A43 /* InfoFeature.swift */,
				6BF2D9592D4F433900252A43 /* InfoDetailFeature.swift */,
			);
			path = Info;
			sourceTree = "<group>";
		};
		6BF2D9582D4F431100252A43 /* Review */ = {
			isa = PBXGroup;
			children = (
				6BF2D95D2D4F442900252A43 /* ReviewFeature.swift */,
				6BF2D9632D4F454100252A43 /* ReviewWriteFilterFeature.swift */,
				6BF2D9652D4F458300252A43 /* ReviewWriteTextFeature.swift */,
			);
			path = Review;
			sourceTree = "<group>";
		};
		6BF2D9842D4FA57000252A43 /* Place */ = {
			isa = PBXGroup;
			children = (
				6BF2D9852D4FA67500252A43 /* PlaceSearchCondition.swift */,
			);
			path = Place;
			sourceTree = "<group>";
		};
		6BF2D98B2D4FA83400252A43 /* Place */ = {
			isa = PBXGroup;
			children = (
				6BF2D98C2D4FA83E00252A43 /* PlaceDTO.swift */,
			);
			path = Place;
			sourceTree = "<group>";
		};
/* End PBXGroup section */

/* Begin PBXNativeTarget section */
		6B65F9A82D291B06000164A4 /* Whidy-iOS */ = {
			isa = PBXNativeTarget;
			buildConfigurationList = 6B65F9B82D291B07000164A4 /* Build configuration list for PBXNativeTarget "Whidy-iOS" */;
			buildPhases = (
				6B65F9A52D291B06000164A4 /* Sources */,
				6B65F9A62D291B06000164A4 /* Frameworks */,
				6B65F9A72D291B06000164A4 /* Resources */,
				6BF2D87A2D4A492900252A43 /* Embed Frameworks */,
			);
			buildRules = (
			);
			dependencies = (
			);
			name = "Whidy-iOS";
			packageProductDependencies = (
				6B6923CA2D2C25450086E4D3 /* TCACoordinators */,
				6B6923CD2D2C25540086E4D3 /* Alamofire */,
				6B6923D02D2C25680086E4D3 /* Kingfisher */,
				6B6923D32D2C25A00086E4D3 /* KakaoSDK */,
				6B6923D52D2C25A00086E4D3 /* KakaoSDKAuth */,
				6B6923D72D2C25A00086E4D3 /* KakaoSDKCert */,
				6B6923D92D2C25A00086E4D3 /* KakaoSDKCertCore */,
				6B6923DB2D2C25A00086E4D3 /* KakaoSDKCommon */,
				6B6923DD2D2C25A00086E4D3 /* KakaoSDKUser */,
				6B6276802D35FA8E00843C9E /* SwiftyUserDefaults */,
				6B6276832D35FAD700843C9E /* SwiftyBeaver */,
				6B6221872D3B967900C5F2C8 /* NMapsMap */,
				6BF2D8772D4A471000252A43 /* RealmSwift */,
			);
			productName = "Whidy-iOS";
			productReference = 6B65F9A92D291B06000164A4 /* Whidy-iOS.app */;
			productType = "com.apple.product-type.application";
		};
/* End PBXNativeTarget section */

/* Begin PBXProject section */
		6B65F9A12D291B06000164A4 /* Project object */ = {
			isa = PBXProject;
			attributes = {
				BuildIndependentTargetsInParallel = 1;
				LastSwiftUpdateCheck = 1620;
				LastUpgradeCheck = 1620;
				TargetAttributes = {
					6B65F9A82D291B06000164A4 = {
						CreatedOnToolsVersion = 16.2;
					};
				};
			};
			buildConfigurationList = 6B65F9A42D291B06000164A4 /* Build configuration list for PBXProject "Whidy-iOS" */;
			developmentRegion = en;
			hasScannedForEncodings = 0;
			knownRegions = (
				en,
				Base,
			);
			mainGroup = 6B65F9A02D291B06000164A4;
			minimizedProjectReferenceProxies = 1;
			packageReferences = (
				6B855BF62D2C24E100DD2353 /* XCRemoteSwiftPackageReference "swift-composable-architecture" */,
				6B6923C92D2C25450086E4D3 /* XCRemoteSwiftPackageReference "TCACoordinators" */,
				6B6923CC2D2C25540086E4D3 /* XCRemoteSwiftPackageReference "Alamofire" */,
				6B6923CF2D2C25680086E4D3 /* XCRemoteSwiftPackageReference "Kingfisher" */,
				6B6923D22D2C25A00086E4D3 /* XCRemoteSwiftPackageReference "kakao-ios-sdk" */,
				6B62767F2D35FA8E00843C9E /* XCRemoteSwiftPackageReference "SwiftyUserDefaults" */,
				6B6276822D35FAD700843C9E /* XCRemoteSwiftPackageReference "SwiftyBeaver" */,
				6B6221862D3B967900C5F2C8 /* XCRemoteSwiftPackageReference "SPM-NMapsMap" */,
				6BF2D8762D4A471000252A43 /* XCRemoteSwiftPackageReference "realm-swift" */,
			);
			preferredProjectObjectVersion = 77;
			productRefGroup = 6B65F9AA2D291B06000164A4 /* Products */;
			projectDirPath = "";
			projectRoot = "";
			targets = (
				6B65F9A82D291B06000164A4 /* Whidy-iOS */,
			);
		};
/* End PBXProject section */

/* Begin PBXResourcesBuildPhase section */
		6B65F9A72D291B06000164A4 /* Resources */ = {
			isa = PBXResourcesBuildPhase;
			buildActionMask = 2147483647;
			files = (
				6B62759B2D35EC7D00843C9E /* Preview Assets.xcassets in Resources */,
				6BF2D85A2D46105C00252A43 /* Config.xcconfig in Resources */,
				6B62759C2D35EC7D00843C9E /* Assets.xcassets in Resources */,
			);
			runOnlyForDeploymentPostprocessing = 0;
		};
/* End PBXResourcesBuildPhase section */

/* Begin PBXSourcesBuildPhase section */
		6B65F9A52D291B06000164A4 /* Sources */ = {
			isa = PBXSourcesBuildPhase;
			buildActionMask = 2147483647;
			files = (
				6B6220B42D38DFB000C5F2C8 /* MemberNicknameView.swift in Sources */,
				6B6275E62D35EFE200843C9E /* Logger.swift in Sources */,
				6B6275E72D35EFE200843C9E /* LoginType.swift in Sources */,
				6B6276922D35FFF100843C9E /* EmptyResponseModel.swift in Sources */,
				6BF2D9302D4DD51D00252A43 /* InfoView.swift in Sources */,
				6B6220912D3882C300C5F2C8 /* ScrapView.swift in Sources */,
				6B6276932D35FFF100843C9E /* AppVersionResponse.swift in Sources */,
				6B6276942D35FFF100843C9E /* ErrorResponse.swift in Sources */,
				6B6275E82D35EFE200843C9E /* Double+Extension.swift in Sources */,
				6B6220992D3889EF00C5F2C8 /* MainCoordinator+Function.swift in Sources */,
				6B6275E92D35EFE200843C9E /* Float+Extension.swift in Sources */,
				6B6275EA2D35EFE200843C9E /* View+Extension.swift in Sources */,
				6B6276502D35F01A00843C9E /* HTTPHeader.swift in Sources */,
				6BF2D85C2D49ECED00252A43 /* StudyMapView+ChildView.swift in Sources */,
				6BF2D8802D4A6FD700252A43 /* OnboardingCoordinatorView.swift in Sources */,
				6BF2D9682D4FA3D300252A43 /* PlaceRouter.swift in Sources */,
				6BF2D9602D4F44D200252A43 /* ReviewWriteFilterView.swift in Sources */,
				6B6220BE2D39E92900C5F2C8 /* MemberEmailView.swift in Sources */,
				6B6276512D35F01A00843C9E /* TargetType.swift in Sources */,
				6B6220C02D39E92B00C5F2C8 /* MemberEmailFeature.swift in Sources */,
				6B6276522D35F01A00843C9E /* RemoteConstants.swift in Sources */,
				6B62768E2D35FFE800843C9E /* RemoteResponse.swift in Sources */,
				6B62765D2D35F02200843C9E /* AuthRouter.swift in Sources */,
				6B6276612D35F02200843C9E /* CommonRouter.swift in Sources */,
				6B6275EC2D35EFE200843C9E /* Optional+Extension.swift in Sources */,
				6B6275ED2D35EFE200843C9E /* Image+Extension.swift in Sources */,
				6B6275EE2D35EFE200843C9E /* UIApplication+Extension.swift in Sources */,
				6B62206F2D37A8A300C5F2C8 /* MainCoordinatorView.swift in Sources */,
				6BF2D98A2D4FA76500252A43 /* NetworkManager+Place.swift in Sources */,
				6BF2D8662D49EEA800252A43 /* StudyMapFeature+Enum.swift in Sources */,
				6B6275EF2D35EFE200843C9E /* Enviroment.swift in Sources */,
				6B6275F02D35EFE200843C9E /* Int+Extension.swift in Sources */,
				6BF2D9622D4F44D600252A43 /* ReviewWriteTextView.swift in Sources */,
				6B6275F12D35EFE200843C9E /* Publisher+Extension.swift in Sources */,
				6B6220932D3882C500C5F2C8 /* ScrapFeature.swift in Sources */,
				6BF2D8642D49ED3D00252A43 /* SearchFeature.swift in Sources */,
				6B6276352D35EFFB00843C9E /* NormalTextLabelModifier.swift in Sources */,
				6B62218C2D3BA85600C5F2C8 /* CustomTabBar.swift in Sources */,
				6B6220A22D388D8500C5F2C8 /* MyPageScreen.swift in Sources */,
				6B6220A32D388D8500C5F2C8 /* MyPageView.swift in Sources */,
				6B6220BA2D39022E00C5F2C8 /* CommonTextfieldStyle.swift in Sources */,
				6B6220A42D388D8500C5F2C8 /* MyPageScreen+Identifiable.swift in Sources */,
				6B6220A52D388D8500C5F2C8 /* MyPageFeature.swift in Sources */,
				6B6220A62D388D8500C5F2C8 /* MyPageCoordinator.swift in Sources */,
				6BF2D95E2D4F442900252A43 /* ReviewFeature.swift in Sources */,
				6B6220C52D39EDD700C5F2C8 /* LoadingView.swift in Sources */,
				6B6220C62D39EDD700C5F2C8 /* BackButton.swift in Sources */,
				6B6221852D3B720E00C5F2C8 /* MemberSession.swift in Sources */,
				6B6220CC2D39F5AF00C5F2C8 /* SignInResponse.swift in Sources */,
				6BF2D87E2D4A66A300252A43 /* AuthInterceptor.swift in Sources */,
				6B6276362D35EFFB00843C9E /* ShadowModifier.swift in Sources */,
				6B6276372D35EFFB00843C9E /* AppStoreCheckManager.swift in Sources */,
				6B62207F2D37AAF500C5F2C8 /* StudyMapScreen+Identifiable.swift in Sources */,
				6B6220802D37AAF500C5F2C8 /* StudyMapScreen.swift in Sources */,
				6B6220AD2D38A4C000C5F2C8 /* WebView.swift in Sources */,
				6BF2D8822D4C51E600252A43 /* SearchView+ChildView.swift in Sources */,
				6B62763A2D35EFFB00843C9E /* ProfileImageModifier.swift in Sources */,
				6B62763B2D35EFFB00843C9E /* TextToButtonModifier.swift in Sources */,
				6B62763C2D35EFFB00843C9E /* NormalTextFieldModifier.swift in Sources */,
				6BF2D98F2D4FA84A00252A43 /* Place.swift in Sources */,
				6BF2D94B2D4E696900252A43 /* InfoDetailView.swift in Sources */,
				6B6220CA2D39F56A00C5F2C8 /* SignUpRequest.swift in Sources */,
				6BF2D9662D4F458300252A43 /* ReviewWriteTextFeature.swift in Sources */,
				6B6276892D35FDD000843C9E /* Color.swift in Sources */,
				6B62763D2D35EFFB00843C9E /* DateFormatUtil.swift in Sources */,
				6B6220842D37AC5900C5F2C8 /* StudyMapFeature.swift in Sources */,
				6B6220BC2D39077500C5F2C8 /* AlignmentModifier.swift in Sources */,
				6B62763E2D35EFFB00843C9E /* StringUtil.swift in Sources */,
				6B62769F2D361C2100843C9E /* OnboardingCoordinator.swift in Sources */,
				6B6276402D35EFFB00843C9E /* DynamicFontSizeModifier.swift in Sources */,
				6B6276A72D361F1100843C9E /* AuthView.swift in Sources */,
				6BF2D98D2D4FA83E00252A43 /* PlaceDTO.swift in Sources */,
				6B6276422D35EFFB00843C9E /* TextBackgroundModifier.swift in Sources */,
				6BF2D95C2D4F435200252A43 /* ReviewExpandedView.swift in Sources */,
				6B62218A2D3B989600C5F2C8 /* MapView.swift in Sources */,
				6B6276442D35EFFB00843C9E /* NormalTextLabelModifier2.swift in Sources */,
				6B6276732D35F02B00843C9E /* NetworkManager+Auth.swift in Sources */,
				6B6276A32D361D1400843C9E /* OnboardingScreen+Identifiable.swift in Sources */,
				6B6276782D35F02B00843C9E /* APIError.swift in Sources */,
				6BF2D9912D5071F700252A43 /* InfoFeature.swift in Sources */,
				6B62769B2D3619B500843C9E /* RootCoordinator.swift in Sources */,
				6B62767C2D35F02B00843C9E /* NetworkManager.swift in Sources */,
				6B6220712D37A8AF00C5F2C8 /* MainCoordinator.swift in Sources */,
				6BF2D8622D49ED3200252A43 /* SearchView.swift in Sources */,
				6B6276452D35EFFB00843C9E /* NavigationBarModifier.swift in Sources */,
				6B6220822D37AC5200C5F2C8 /* StudyMapView.swift in Sources */,
				6BF2D8542D46037500252A43 /* NaverMapManager.swift in Sources */,
				6B6276A12D361CE300843C9E /* OnboardingScreen.swift in Sources */,
				6B6276472D35EFFB00843C9E /* RedactedModifier.swift in Sources */,
				6B6276482D35EFFB00843C9E /* ButtonWrapper.swift in Sources */,
				6BF2D9642D4F454100252A43 /* ReviewWriteFilterFeature.swift in Sources */,
				6BF2D9862D4FA67500252A43 /* PlaceSearchCondition.swift in Sources */,
				6B6276492D35EFFB00843C9E /* FontModifier.swift in Sources */,
				6B62764A2D35EFFB00843C9E /* NetworkMonitor.swift in Sources */,
				6B6275F22D35EFE200843C9E /* Notification.name+Extension.swift in Sources */,
				6B6275F32D35EFE200843C9E /* Array+Extension.swift in Sources */,
				6B6276992D36199700843C9E /* RootCoordinatorView.swift in Sources */,
				6BF2D87C2D4A568E00252A43 /* LocationManager.swift in Sources */,
				6B6220AA2D3896E800C5F2C8 /* WhidySplashView.swift in Sources */,
				6B62207C2D37AA9700C5F2C8 /* StudyMapCoordinator.swift in Sources */,
				6B6275F42D35EFE200843C9E /* String+Extension.swift in Sources */,
				6BF2D9882D4FA70700252A43 /* Encodable+Extension.swift in Sources */,
				6B6276A92D361F4100843C9E /* AuthFeature.swift in Sources */,
				6B6220B62D38DFB900C5F2C8 /* MemberNicknameFeature.swift in Sources */,
				6B6220CF2D39F73E00C5F2C8 /* SignIn.swift in Sources */,
				6BF2D95A2D4F433900252A43 /* InfoDetailFeature.swift in Sources */,
				6B6275F52D35EFE200843C9E /* UIDevice+Extension.swift in Sources */,
				6B6275F62D35EFE200843C9E /* UserDefaults+Extension.swift in Sources */,
				6B62208D2D3882C000C5F2C8 /* ScrapScreen+Identifiable.swift in Sources */,
				6B6220B82D38E28E00C5F2C8 /* URL+Extension.swift in Sources */,
				6B62208E2D3882C000C5F2C8 /* ScrapCoordinator.swift in Sources */,
				6B62208F2D3882C000C5F2C8 /* ScrapScreen.swift in Sources */,
				6B6220862D37B0C400C5F2C8 /* Font.swift in Sources */,
				6BF2D86D2D4A414C00252A43 /* LatestSearch.swift in Sources */,
				6B6276872D35FCDD00843C9E /* OAuthType.swift in Sources */,
				6B6275F72D35EFE200843C9E /* Dictionary+Extension.swift in Sources */,
				6B62759A2D35EC7D00843C9E /* Whidy_iOSApp.swift in Sources */,
			);
			runOnlyForDeploymentPostprocessing = 0;
		};
/* End PBXSourcesBuildPhase section */

/* Begin XCBuildConfiguration section */
		6B65F9B62D291B07000164A4 /* Debug */ = {
			isa = XCBuildConfiguration;
			baseConfigurationReference = 6BF2D8592D46105C00252A43 /* Config.xcconfig */;
			buildSettings = {
				ALWAYS_SEARCH_USER_PATHS = NO;
				ASSETCATALOG_COMPILER_GENERATE_SWIFT_ASSET_SYMBOL_EXTENSIONS = YES;
				CLANG_ANALYZER_NONNULL = YES;
				CLANG_ANALYZER_NUMBER_OBJECT_CONVERSION = YES_AGGRESSIVE;
				CLANG_CXX_LANGUAGE_STANDARD = "gnu++20";
				CLANG_ENABLE_MODULES = YES;
				CLANG_ENABLE_OBJC_ARC = YES;
				CLANG_ENABLE_OBJC_WEAK = YES;
				CLANG_WARN_BLOCK_CAPTURE_AUTORELEASING = YES;
				CLANG_WARN_BOOL_CONVERSION = YES;
				CLANG_WARN_COMMA = YES;
				CLANG_WARN_CONSTANT_CONVERSION = YES;
				CLANG_WARN_DEPRECATED_OBJC_IMPLEMENTATIONS = YES;
				CLANG_WARN_DIRECT_OBJC_ISA_USAGE = YES_ERROR;
				CLANG_WARN_DOCUMENTATION_COMMENTS = YES;
				CLANG_WARN_EMPTY_BODY = YES;
				CLANG_WARN_ENUM_CONVERSION = YES;
				CLANG_WARN_INFINITE_RECURSION = YES;
				CLANG_WARN_INT_CONVERSION = YES;
				CLANG_WARN_NON_LITERAL_NULL_CONVERSION = YES;
				CLANG_WARN_OBJC_IMPLICIT_RETAIN_SELF = YES;
				CLANG_WARN_OBJC_LITERAL_CONVERSION = YES;
				CLANG_WARN_OBJC_ROOT_CLASS = YES_ERROR;
				CLANG_WARN_QUOTED_INCLUDE_IN_FRAMEWORK_HEADER = YES;
				CLANG_WARN_RANGE_LOOP_ANALYSIS = YES;
				CLANG_WARN_STRICT_PROTOTYPES = YES;
				CLANG_WARN_SUSPICIOUS_MOVE = YES;
				CLANG_WARN_UNGUARDED_AVAILABILITY = YES_AGGRESSIVE;
				CLANG_WARN_UNREACHABLE_CODE = YES;
				CLANG_WARN__DUPLICATE_METHOD_MATCH = YES;
				COPY_PHASE_STRIP = NO;
				DEBUG_INFORMATION_FORMAT = dwarf;
				ENABLE_STRICT_OBJC_MSGSEND = YES;
				ENABLE_TESTABILITY = YES;
				ENABLE_USER_SCRIPT_SANDBOXING = YES;
				GCC_C_LANGUAGE_STANDARD = gnu17;
				GCC_DYNAMIC_NO_PIC = NO;
				GCC_NO_COMMON_BLOCKS = YES;
				GCC_OPTIMIZATION_LEVEL = 0;
				GCC_PREPROCESSOR_DEFINITIONS = (
					"DEBUG=1",
					"$(inherited)",
				);
				GCC_WARN_64_TO_32_BIT_CONVERSION = YES;
				GCC_WARN_ABOUT_RETURN_TYPE = YES_ERROR;
				GCC_WARN_UNDECLARED_SELECTOR = YES;
				GCC_WARN_UNINITIALIZED_AUTOS = YES_AGGRESSIVE;
				GCC_WARN_UNUSED_FUNCTION = YES;
				GCC_WARN_UNUSED_VARIABLE = YES;
				LOCALIZATION_PREFERS_STRING_CATALOGS = YES;
				MTL_ENABLE_DEBUG_INFO = INCLUDE_SOURCE;
				MTL_FAST_MATH = YES;
				ONLY_ACTIVE_ARCH = YES;
				SWIFT_ACTIVE_COMPILATION_CONDITIONS = "DEBUG $(inherited)";
				SWIFT_OPTIMIZATION_LEVEL = "-Onone";
				SWIFT_VERSION = 5.0;
			};
			name = Debug;
		};
		6B65F9B72D291B07000164A4 /* Release */ = {
			isa = XCBuildConfiguration;
			baseConfigurationReference = 6BF2D8592D46105C00252A43 /* Config.xcconfig */;
			buildSettings = {
				ALWAYS_SEARCH_USER_PATHS = NO;
				ASSETCATALOG_COMPILER_GENERATE_SWIFT_ASSET_SYMBOL_EXTENSIONS = YES;
				CLANG_ANALYZER_NONNULL = YES;
				CLANG_ANALYZER_NUMBER_OBJECT_CONVERSION = YES_AGGRESSIVE;
				CLANG_CXX_LANGUAGE_STANDARD = "gnu++20";
				CLANG_ENABLE_MODULES = YES;
				CLANG_ENABLE_OBJC_ARC = YES;
				CLANG_ENABLE_OBJC_WEAK = YES;
				CLANG_WARN_BLOCK_CAPTURE_AUTORELEASING = YES;
				CLANG_WARN_BOOL_CONVERSION = YES;
				CLANG_WARN_COMMA = YES;
				CLANG_WARN_CONSTANT_CONVERSION = YES;
				CLANG_WARN_DEPRECATED_OBJC_IMPLEMENTATIONS = YES;
				CLANG_WARN_DIRECT_OBJC_ISA_USAGE = YES_ERROR;
				CLANG_WARN_DOCUMENTATION_COMMENTS = YES;
				CLANG_WARN_EMPTY_BODY = YES;
				CLANG_WARN_ENUM_CONVERSION = YES;
				CLANG_WARN_INFINITE_RECURSION = YES;
				CLANG_WARN_INT_CONVERSION = YES;
				CLANG_WARN_NON_LITERAL_NULL_CONVERSION = YES;
				CLANG_WARN_OBJC_IMPLICIT_RETAIN_SELF = YES;
				CLANG_WARN_OBJC_LITERAL_CONVERSION = YES;
				CLANG_WARN_OBJC_ROOT_CLASS = YES_ERROR;
				CLANG_WARN_QUOTED_INCLUDE_IN_FRAMEWORK_HEADER = YES;
				CLANG_WARN_RANGE_LOOP_ANALYSIS = YES;
				CLANG_WARN_STRICT_PROTOTYPES = YES;
				CLANG_WARN_SUSPICIOUS_MOVE = YES;
				CLANG_WARN_UNGUARDED_AVAILABILITY = YES_AGGRESSIVE;
				CLANG_WARN_UNREACHABLE_CODE = YES;
				CLANG_WARN__DUPLICATE_METHOD_MATCH = YES;
				COPY_PHASE_STRIP = NO;
				DEBUG_INFORMATION_FORMAT = "dwarf-with-dsym";
				ENABLE_NS_ASSERTIONS = NO;
				ENABLE_STRICT_OBJC_MSGSEND = YES;
				ENABLE_USER_SCRIPT_SANDBOXING = YES;
				GCC_C_LANGUAGE_STANDARD = gnu17;
				GCC_NO_COMMON_BLOCKS = YES;
				GCC_WARN_64_TO_32_BIT_CONVERSION = YES;
				GCC_WARN_ABOUT_RETURN_TYPE = YES_ERROR;
				GCC_WARN_UNDECLARED_SELECTOR = YES;
				GCC_WARN_UNINITIALIZED_AUTOS = YES_AGGRESSIVE;
				GCC_WARN_UNUSED_FUNCTION = YES;
				GCC_WARN_UNUSED_VARIABLE = YES;
				LOCALIZATION_PREFERS_STRING_CATALOGS = YES;
				MTL_ENABLE_DEBUG_INFO = NO;
				MTL_FAST_MATH = YES;
				SWIFT_COMPILATION_MODE = wholemodule;
				SWIFT_VERSION = 5.0;
			};
			name = Release;
		};
		6B65F9B92D291B07000164A4 /* Debug */ = {
			isa = XCBuildConfiguration;
			buildSettings = {
				ASSETCATALOG_COMPILER_APPICON_NAME = AppIcon;
				ASSETCATALOG_COMPILER_GLOBAL_ACCENT_COLOR_NAME = AccentColor;
				CODE_SIGN_ENTITLEMENTS = "Whidy-iOS/Whidy_iOS.entitlements";
				CODE_SIGN_STYLE = Automatic;
				CURRENT_PROJECT_VERSION = 1;
				DEVELOPMENT_ASSET_PATHS = "\"Whidy-iOS/Preview Content\"";
				DEVELOPMENT_TEAM = SUZFV58S8B;
				ENABLE_HARDENED_RUNTIME = YES;
				ENABLE_PREVIEWS = YES;
				GENERATE_INFOPLIST_FILE = YES;
				INFOPLIST_FILE = "Whidy-iOS/Info.plist";
				INFOPLIST_KEY_CFBundleDisplayName = Whidy;
				INFOPLIST_KEY_LSApplicationCategoryType = "public.app-category.lifestyle";
				INFOPLIST_KEY_NSLocationAlwaysAndWhenInUseUsageDescription = "해당 앱은 장소 정보를 확인하기 위해 사용자의 현재 위치를 조회해야 합니다.";
				INFOPLIST_KEY_NSLocationAlwaysUsageDescription = "해당 앱은 장소 정보를 확인하기 위해 사용자의 현재 위치를 조회해야 합니다.";
				INFOPLIST_KEY_NSLocationWhenInUseUsageDescription = "해당 앱은 장소 정보를 확인하기 위해 사용자의 현재 위치를 조회해야 합니다.";
				"INFOPLIST_KEY_UIApplicationSceneManifest_Generation[sdk=iphoneos*]" = YES;
				"INFOPLIST_KEY_UIApplicationSceneManifest_Generation[sdk=iphonesimulator*]" = YES;
				"INFOPLIST_KEY_UIApplicationSupportsIndirectInputEvents[sdk=iphoneos*]" = YES;
				"INFOPLIST_KEY_UIApplicationSupportsIndirectInputEvents[sdk=iphonesimulator*]" = YES;
				"INFOPLIST_KEY_UILaunchScreen_Generation[sdk=iphoneos*]" = YES;
				"INFOPLIST_KEY_UILaunchScreen_Generation[sdk=iphonesimulator*]" = YES;
				"INFOPLIST_KEY_UIStatusBarStyle[sdk=iphoneos*]" = UIStatusBarStyleDefault;
				"INFOPLIST_KEY_UIStatusBarStyle[sdk=iphonesimulator*]" = UIStatusBarStyleDefault;
				INFOPLIST_KEY_UISupportedInterfaceOrientations = UIInterfaceOrientationPortrait;
				INFOPLIST_KEY_UISupportedInterfaceOrientations_iPad = "UIInterfaceOrientationLandscapeLeft UIInterfaceOrientationLandscapeRight UIInterfaceOrientationPortrait UIInterfaceOrientationPortraitUpsideDown";
				IPHONEOS_DEPLOYMENT_TARGET = 16.4;
				LD_RUNPATH_SEARCH_PATHS = "@executable_path/Frameworks";
				"LD_RUNPATH_SEARCH_PATHS[sdk=macosx*]" = "@executable_path/../Frameworks";
				MACOSX_DEPLOYMENT_TARGET = 15.1;
				MARKETING_VERSION = 1.0;
				PRODUCT_BUNDLE_IDENTIFIER = com.spam.whidy;
				PRODUCT_NAME = "$(TARGET_NAME)";
				SDKROOT = auto;
				SUPPORTED_PLATFORMS = "iphoneos iphonesimulator";
				SUPPORTS_MACCATALYST = NO;
				SWIFT_EMIT_LOC_STRINGS = YES;
				SWIFT_VERSION = 5.0;
				TARGETED_DEVICE_FAMILY = 1;
				XROS_DEPLOYMENT_TARGET = 2.2;
			};
			name = Debug;
		};
		6B65F9BA2D291B07000164A4 /* Release */ = {
			isa = XCBuildConfiguration;
			buildSettings = {
				ASSETCATALOG_COMPILER_APPICON_NAME = AppIcon;
				ASSETCATALOG_COMPILER_GLOBAL_ACCENT_COLOR_NAME = AccentColor;
				CODE_SIGN_ENTITLEMENTS = "Whidy-iOS/Whidy_iOS.entitlements";
				CODE_SIGN_STYLE = Automatic;
				CURRENT_PROJECT_VERSION = 1;
				DEVELOPMENT_ASSET_PATHS = "\"Whidy-iOS/Preview Content\"";
				DEVELOPMENT_TEAM = SUZFV58S8B;
				ENABLE_HARDENED_RUNTIME = YES;
				ENABLE_PREVIEWS = YES;
				GENERATE_INFOPLIST_FILE = YES;
				INFOPLIST_FILE = "Whidy-iOS/Info.plist";
				INFOPLIST_KEY_CFBundleDisplayName = Whidy;
				INFOPLIST_KEY_LSApplicationCategoryType = "public.app-category.lifestyle";
				INFOPLIST_KEY_NSLocationAlwaysAndWhenInUseUsageDescription = "해당 앱은 장소 정보를 확인하기 위해 사용자의 현재 위치를 조회해야 합니다.";
				INFOPLIST_KEY_NSLocationAlwaysUsageDescription = "해당 앱은 장소 정보를 확인하기 위해 사용자의 현재 위치를 조회해야 합니다.";
				INFOPLIST_KEY_NSLocationWhenInUseUsageDescription = "해당 앱은 장소 정보를 확인하기 위해 사용자의 현재 위치를 조회해야 합니다.";
				"INFOPLIST_KEY_UIApplicationSceneManifest_Generation[sdk=iphoneos*]" = YES;
				"INFOPLIST_KEY_UIApplicationSceneManifest_Generation[sdk=iphonesimulator*]" = YES;
				"INFOPLIST_KEY_UIApplicationSupportsIndirectInputEvents[sdk=iphoneos*]" = YES;
				"INFOPLIST_KEY_UIApplicationSupportsIndirectInputEvents[sdk=iphonesimulator*]" = YES;
				"INFOPLIST_KEY_UILaunchScreen_Generation[sdk=iphoneos*]" = YES;
				"INFOPLIST_KEY_UILaunchScreen_Generation[sdk=iphonesimulator*]" = YES;
				"INFOPLIST_KEY_UIStatusBarStyle[sdk=iphoneos*]" = UIStatusBarStyleDefault;
				"INFOPLIST_KEY_UIStatusBarStyle[sdk=iphonesimulator*]" = UIStatusBarStyleDefault;
				INFOPLIST_KEY_UISupportedInterfaceOrientations = UIInterfaceOrientationPortrait;
				INFOPLIST_KEY_UISupportedInterfaceOrientations_iPad = "UIInterfaceOrientationLandscapeLeft UIInterfaceOrientationLandscapeRight UIInterfaceOrientationPortrait UIInterfaceOrientationPortraitUpsideDown";
				IPHONEOS_DEPLOYMENT_TARGET = 16.4;
				LD_RUNPATH_SEARCH_PATHS = "@executable_path/Frameworks";
				"LD_RUNPATH_SEARCH_PATHS[sdk=macosx*]" = "@executable_path/../Frameworks";
				MACOSX_DEPLOYMENT_TARGET = 15.1;
				MARKETING_VERSION = 1.0;
				PRODUCT_BUNDLE_IDENTIFIER = com.spam.whidy;
				PRODUCT_NAME = "$(TARGET_NAME)";
				SDKROOT = auto;
				SUPPORTED_PLATFORMS = "iphoneos iphonesimulator";
				SUPPORTS_MACCATALYST = NO;
				SWIFT_EMIT_LOC_STRINGS = YES;
				SWIFT_VERSION = 5.0;
				TARGETED_DEVICE_FAMILY = 1;
				XROS_DEPLOYMENT_TARGET = 2.2;
			};
			name = Release;
		};
/* End XCBuildConfiguration section */

/* Begin XCConfigurationList section */
		6B65F9A42D291B06000164A4 /* Build configuration list for PBXProject "Whidy-iOS" */ = {
			isa = XCConfigurationList;
			buildConfigurations = (
				6B65F9B62D291B07000164A4 /* Debug */,
				6B65F9B72D291B07000164A4 /* Release */,
			);
			defaultConfigurationIsVisible = 0;
			defaultConfigurationName = Release;
		};
		6B65F9B82D291B07000164A4 /* Build configuration list for PBXNativeTarget "Whidy-iOS" */ = {
			isa = XCConfigurationList;
			buildConfigurations = (
				6B65F9B92D291B07000164A4 /* Debug */,
				6B65F9BA2D291B07000164A4 /* Release */,
			);
			defaultConfigurationIsVisible = 0;
			defaultConfigurationName = Release;
		};
/* End XCConfigurationList section */

/* Begin XCRemoteSwiftPackageReference section */
		6B6221862D3B967900C5F2C8 /* XCRemoteSwiftPackageReference "SPM-NMapsMap" */ = {
			isa = XCRemoteSwiftPackageReference;
			repositoryURL = "https://github.com/navermaps/SPM-NMapsMap";
			requirement = {
				kind = upToNextMajorVersion;
				minimumVersion = 3.20.0;
			};
		};
		6B62767F2D35FA8E00843C9E /* XCRemoteSwiftPackageReference "SwiftyUserDefaults" */ = {
			isa = XCRemoteSwiftPackageReference;
			repositoryURL = "https://github.com/sunshinejr/SwiftyUserDefaults.git";
			requirement = {
				kind = upToNextMajorVersion;
				minimumVersion = 5.3.0;
			};
		};
		6B6276822D35FAD700843C9E /* XCRemoteSwiftPackageReference "SwiftyBeaver" */ = {
			isa = XCRemoteSwiftPackageReference;
			repositoryURL = "https://github.com/SwiftyBeaver/SwiftyBeaver.git";
			requirement = {
				kind = upToNextMajorVersion;
				minimumVersion = 2.1.1;
			};
		};
		6B6923C92D2C25450086E4D3 /* XCRemoteSwiftPackageReference "TCACoordinators" */ = {
			isa = XCRemoteSwiftPackageReference;
			repositoryURL = "https://github.com/johnpatrickmorgan/TCACoordinators.git";
			requirement = {
				kind = upToNextMajorVersion;
				minimumVersion = 0.10.1;
			};
		};
		6B6923CC2D2C25540086E4D3 /* XCRemoteSwiftPackageReference "Alamofire" */ = {
			isa = XCRemoteSwiftPackageReference;
			repositoryURL = "https://github.com/Alamofire/Alamofire.git";
			requirement = {
				kind = upToNextMajorVersion;
				minimumVersion = 5.10.2;
			};
		};
		6B6923CF2D2C25680086E4D3 /* XCRemoteSwiftPackageReference "Kingfisher" */ = {
			isa = XCRemoteSwiftPackageReference;
			repositoryURL = "https://github.com/onevcat/Kingfisher.git";
			requirement = {
				kind = upToNextMajorVersion;
				minimumVersion = 8.1.3;
			};
		};
		6B6923D22D2C25A00086E4D3 /* XCRemoteSwiftPackageReference "kakao-ios-sdk" */ = {
			isa = XCRemoteSwiftPackageReference;
			repositoryURL = "https://github.com/kakao/kakao-ios-sdk";
			requirement = {
				kind = upToNextMajorVersion;
				minimumVersion = 2.23.0;
			};
		};
		6B855BF62D2C24E100DD2353 /* XCRemoteSwiftPackageReference "swift-composable-architecture" */ = {
			isa = XCRemoteSwiftPackageReference;
			repositoryURL = "https://github.com/pointfreeco/swift-composable-architecture.git";
			requirement = {
				kind = upToNextMajorVersion;
				minimumVersion = 1.17.0;
			};
		};
		6BF2D8762D4A471000252A43 /* XCRemoteSwiftPackageReference "realm-swift" */ = {
			isa = XCRemoteSwiftPackageReference;
			repositoryURL = "https://github.com/realm/realm-swift.git";
			requirement = {
				kind = exactVersion;
				version = 20.0.1;
			};
		};
/* End XCRemoteSwiftPackageReference section */

/* Begin XCSwiftPackageProductDependency section */
		6B6221872D3B967900C5F2C8 /* NMapsMap */ = {
			isa = XCSwiftPackageProductDependency;
			package = 6B6221862D3B967900C5F2C8 /* XCRemoteSwiftPackageReference "SPM-NMapsMap" */;
			productName = NMapsMap;
		};
		6B6276802D35FA8E00843C9E /* SwiftyUserDefaults */ = {
			isa = XCSwiftPackageProductDependency;
			package = 6B62767F2D35FA8E00843C9E /* XCRemoteSwiftPackageReference "SwiftyUserDefaults" */;
			productName = SwiftyUserDefaults;
		};
		6B6276832D35FAD700843C9E /* SwiftyBeaver */ = {
			isa = XCSwiftPackageProductDependency;
			package = 6B6276822D35FAD700843C9E /* XCRemoteSwiftPackageReference "SwiftyBeaver" */;
			productName = SwiftyBeaver;
		};
		6B6923CA2D2C25450086E4D3 /* TCACoordinators */ = {
			isa = XCSwiftPackageProductDependency;
			package = 6B6923C92D2C25450086E4D3 /* XCRemoteSwiftPackageReference "TCACoordinators" */;
			productName = TCACoordinators;
		};
		6B6923CD2D2C25540086E4D3 /* Alamofire */ = {
			isa = XCSwiftPackageProductDependency;
			package = 6B6923CC2D2C25540086E4D3 /* XCRemoteSwiftPackageReference "Alamofire" */;
			productName = Alamofire;
		};
		6B6923D02D2C25680086E4D3 /* Kingfisher */ = {
			isa = XCSwiftPackageProductDependency;
			package = 6B6923CF2D2C25680086E4D3 /* XCRemoteSwiftPackageReference "Kingfisher" */;
			productName = Kingfisher;
		};
		6B6923D32D2C25A00086E4D3 /* KakaoSDK */ = {
			isa = XCSwiftPackageProductDependency;
			package = 6B6923D22D2C25A00086E4D3 /* XCRemoteSwiftPackageReference "kakao-ios-sdk" */;
			productName = KakaoSDK;
		};
		6B6923D52D2C25A00086E4D3 /* KakaoSDKAuth */ = {
			isa = XCSwiftPackageProductDependency;
			package = 6B6923D22D2C25A00086E4D3 /* XCRemoteSwiftPackageReference "kakao-ios-sdk" */;
			productName = KakaoSDKAuth;
		};
		6B6923D72D2C25A00086E4D3 /* KakaoSDKCert */ = {
			isa = XCSwiftPackageProductDependency;
			package = 6B6923D22D2C25A00086E4D3 /* XCRemoteSwiftPackageReference "kakao-ios-sdk" */;
			productName = KakaoSDKCert;
		};
		6B6923D92D2C25A00086E4D3 /* KakaoSDKCertCore */ = {
			isa = XCSwiftPackageProductDependency;
			package = 6B6923D22D2C25A00086E4D3 /* XCRemoteSwiftPackageReference "kakao-ios-sdk" */;
			productName = KakaoSDKCertCore;
		};
		6B6923DB2D2C25A00086E4D3 /* KakaoSDKCommon */ = {
			isa = XCSwiftPackageProductDependency;
			package = 6B6923D22D2C25A00086E4D3 /* XCRemoteSwiftPackageReference "kakao-ios-sdk" */;
			productName = KakaoSDKCommon;
		};
		6B6923DD2D2C25A00086E4D3 /* KakaoSDKUser */ = {
			isa = XCSwiftPackageProductDependency;
			package = 6B6923D22D2C25A00086E4D3 /* XCRemoteSwiftPackageReference "kakao-ios-sdk" */;
			productName = KakaoSDKUser;
		};
		6BF2D8772D4A471000252A43 /* RealmSwift */ = {
			isa = XCSwiftPackageProductDependency;
			package = 6BF2D8762D4A471000252A43 /* XCRemoteSwiftPackageReference "realm-swift" */;
			productName = RealmSwift;
		};
/* End XCSwiftPackageProductDependency section */
	};
	rootObject = 6B65F9A12D291B06000164A4 /* Project object */;
}
